
Microsoft Visual Studio Solution File, Format Version 10.00
# Visual Studio 2008
Project("{2150E333-8FDC-42A3-9474-1A3956D46DE8}") = "其他服务", "其他服务", "{71C7DE4C-3221-449B-8A26-4980D129B619}"
EndProject
Project("{2150E333-8FDC-42A3-9474-1A3956D46DE8}") = "外部组件", "外部组件", "{38784215-3E53-4F6F-ACFC-39811BD04203}"
	ProjectSection(SolutionItems) = preProject
		ExternalModule\AxInterop.DSOFramer.dll = ExternalModule\AxInterop.DSOFramer.dll
		ExternalModule\CommControl.dll = ExternalModule\CommControl.dll
		ExternalModule\DepotManagementData.dll = ExternalModule\DepotManagementData.dll
		ExternalModule\dsoframer2007.ocx = ExternalModule\dsoframer2007.ocx
		ExternalModule\GMSatoPrn.dll = ExternalModule\GMSatoPrn.dll
		ExternalModule\Interop.DSOFramer.dll = ExternalModule\Interop.DSOFramer.dll
		ExternalModule\MyCSharpCodeSharpZipLib.dll = ExternalModule\MyCSharpCodeSharpZipLib.dll
		ExternalModule\NPOI.dll = ExternalModule\NPOI.dll
		ExternalModule\NPOI.OOXML.dll = ExternalModule\NPOI.OOXML.dll
		ExternalModule\NPOI.OpenXml4Net.dll = ExternalModule\NPOI.OpenXml4Net.dll
		ExternalModule\NPOI.OpenXmlFormats.dll = ExternalModule\NPOI.OpenXmlFormats.dll
		ExternalModule\TabStrip.dll = ExternalModule\TabStrip.dll
	EndProjectSection
EndProject
Project("{FAE04EC0-301F-11D3-BF4B-00C04F79EFBC}") = "DBOperate", "数据库组件\DBOperate\DBOperate.csproj", "{E6B31D5C-3564-41F5-8443-6B2906FCAD1C}"
EndProject
Project("{FAE04EC0-301F-11D3-BF4B-00C04F79EFBC}") = "Expression", "Expression\Expression.csproj", "{933AB4C8-49CF-4A99-B6EC-F98EBEFC4D33}"
EndProject
Project("{FAE04EC0-301F-11D3-BF4B-00C04F79EFBC}") = "ServerModule", "ServerModule\ServerModule.csproj", "{2CFBFEC8-5C0D-4C14-93F7-103DCFC40D02}"
EndProject
Project("{FAE04EC0-301F-11D3-BF4B-00C04F79EFBC}") = "ServerRequestProcessorModule", "ServerRequestProcessorModule\ServerRequestProcessorModule.csproj", "{B624F378-05A8-4F35-9E5B-3FEDB2712CAB}"
EndProject
Project("{FAE04EC0-301F-11D3-BF4B-00C04F79EFBC}") = "AsynSocketService", "AsynSocketService\AsynSocketService.csproj", "{559238B9-03E8-43B9-A550-69350500A35B}"
EndProject
Project("{FAE04EC0-301F-11D3-BF4B-00C04F79EFBC}") = "GlobalObject", "GlobalObject\GlobalObject.csproj", "{2C5A3AA5-EFB0-4DD4-85FC-DA49804A1C6B}"
EndProject
Project("{FAE04EC0-301F-11D3-BF4B-00C04F79EFBC}") = "SocketCommDefiniens", "SocketCommDefiniens\SocketCommDefiniens.csproj", "{4D95D033-1D96-439A-BB62-91783CB7702C}"
EndProject
Project("{FAE04EC0-301F-11D3-BF4B-00C04F79EFBC}") = "AutoUpgradeSystem", "AutoUpgradeSystem\AutoUpgradeSystem.csproj", "{7863F418-0A3A-4FA0-8E6C-214833C6572C}"
EndProject
Project("{FAE04EC0-301F-11D3-BF4B-00C04F79EFBC}") = "WebServerModule", "WebServerModule\WebServerModule.csproj", "{F69CC168-4A04-4CC0-93BE-A5C60417FC63}"
EndProject
Project("{FAE04EC0-301F-11D3-BF4B-00C04F79EFBC}") = "WebServerModule2", "WebServerModule2\WebServerModule2.csproj", "{8F548F09-3A82-486B-A909-D1BC6DAC3165}"
EndProject
Project("{FAE04EC0-301F-11D3-BF4B-00C04F79EFBC}") = "UniversalControlLibrary", "UniversalControlLibrary\UniversalControlLibrary.csproj", "{BF9E5E1F-BEDD-4F52-95E2-EF8F329F10A5}"
EndProject
Project("{FAE04EC0-301F-11D3-BF4B-00C04F79EFBC}") = "BasicServer", "BasicServer\BasicServer.csproj", "{8E6426C5-FB8E-4A02-91EB-E19EFC48E422}"
EndProject
Project("{2150E333-8FDC-42A3-9474-1A3956D46DE8}") = "通信服务", "通信服务", "{89420295-9ADC-4DFE-92CD-7B871BD73E8F}"
EndProject
Project("{FAE04EC0-301F-11D3-BF4B-00C04F79EFBC}") = "Form_Peripheral_HR", "HRExpression\Form_Peripheral_HR.csproj", "{D7B10F60-8067-4FAC-B746-7EA83CE138E9}"
EndProject
Project("{FAE04EC0-301F-11D3-BF4B-00C04F79EFBC}") = "Service_Peripheral_HR", "HRServerModule\Service_Peripheral_HR.csproj", "{84A8608A-DFCC-406D-82E0-AA988A10F424}"
EndProject
Project("{FAE04EC0-301F-11D3-BF4B-00C04F79EFBC}") = "PMS_Expression", "PMS_Expression\PMS_Expression.csproj", "{5C322413-7D0F-4C17-B2DB-827993CAC3B5}"
EndProject
Project("{FAE04EC0-301F-11D3-BF4B-00C04F79EFBC}") = "PMS_ServerModule", "PMS_ServerModule\PMS_ServerModule.csproj", "{9054DDFD-AFCF-4533-8E11-72BCA93E9B63}"
EndProject
Project("{FAE04EC0-301F-11D3-BF4B-00C04F79EFBC}") = "SCM_Server_Leave1", "SCS_Server_Leave1\SCM_Server_Leave1.csproj", "{EFA62076-F7CB-416E-8166-66987EC62518}"
EndProject
Project("{FAE04EC0-301F-11D3-BF4B-00C04F79EFBC}") = "SCM_Server_Leave2", "SCM_Server_Leave2\SCM_Server_Leave2.csproj", "{2D894A66-B14B-407B-89CF-5183A76E4FD4}"
EndProject
Project("{FAE04EC0-301F-11D3-BF4B-00C04F79EFBC}") = "Form_Peripheral_External", "ExternalExpression\Form_Peripheral_External.csproj", "{4C5947F2-1242-4C36-9F96-959C86134C23}"
EndProject
Project("{FAE04EC0-301F-11D3-BF4B-00C04F79EFBC}") = "Service_Peripheral_External", "ExternalServerModule\Service_Peripheral_External.csproj", "{C7484548-314C-4670-AE4C-64BEFB7D9E48}"
EndProject
Project("{2150E333-8FDC-42A3-9474-1A3956D46DE8}") = "文件管理模块", "文件管理模块", "{A5C8BADF-EB11-43AB-8849-69BF7262F7A3}"
EndProject
Project("{FAE04EC0-301F-11D3-BF4B-00C04F79EFBC}") = "Form_Quality_File", "FileManagement\Form_Quality_File.csproj", "{201D1D1F-C795-40C3-8F64-CAE09CD512AA}"
EndProject
Project("{FAE04EC0-301F-11D3-BF4B-00C04F79EFBC}") = "Service_Quality_File", "FileManagementService\Service_Quality_File.csproj", "{121AADE5-8197-42CD-8A7E-766AC72E95B7}"
EndProject
Project("{FAE04EC0-301F-11D3-BF4B-00C04F79EFBC}") = "TaskManagementServer", "TaskManagementServer\TaskManagementServer.csproj", "{805B671F-6657-4C03-AC29-DA71DFE09EE6}"
EndProject
Project("{2150E333-8FDC-42A3-9474-1A3956D46DE8}") = "车间管理模块", "车间管理模块", "{1AFA5D9D-160D-4E27-8A5F-955C1384671B}"
EndProject
Project("{FAE04EC0-301F-11D3-BF4B-00C04F79EFBC}") = "Form_Manufacture_WorkShop", "WorkShopManagement\Form_Manufacture_WorkShop.csproj", "{A95F9CD4-6C79-47CF-A63A-69AC67F61A96}"
EndProject
Project("{FAE04EC0-301F-11D3-BF4B-00C04F79EFBC}") = "Service_Manufacture_WorkShop", "WorkShopManagementService\Service_Manufacture_WorkShop.csproj", "{5019E300-6157-4322-B74F-10916FE926CD}"
EndProject
Project("{FAE04EC0-301F-11D3-BF4B-00C04F79EFBC}") = "ProvidersExpression", "ProvidersExpression\ProvidersExpression.csproj", "{88D6DAC2-9181-4540-B0DC-EF091692483D}"
EndProject
Project("{FAE04EC0-301F-11D3-BF4B-00C04F79EFBC}") = "ProvidersServerModule", "ProvidersServerModule\ProvidersServerModule.csproj", "{79FC7D00-541F-405B-A74C-17E0DEA55828}"
EndProject
Project("{2150E333-8FDC-42A3-9474-1A3956D46DE8}") = "模块化管理", "模块化管理", "{BF4614CC-3CCD-47B4-A29D-916EC81F9A9E}"
EndProject
Project("{2150E333-8FDC-42A3-9474-1A3956D46DE8}") = "库房管理模块", "库房管理模块", "{B6B2ECF1-6938-4238-90BF-CAE358172871}"
EndProject
Project("{FAE04EC0-301F-11D3-BF4B-00C04F79EFBC}") = "Form_Manufacture_Storage", "WarehouseInPutForm\Form_Manufacture_Storage.csproj", "{D89527E1-0789-4C51-9CA3-1A53DE4F7570}"
EndProject
Project("{FAE04EC0-301F-11D3-BF4B-00C04F79EFBC}") = "Service_Manufacture_Storage", "WarehouseInPutService\Service_Manufacture_Storage.csproj", "{0FCBDEEE-4348-4CB8-8326-5670E1C5D9D0}"
EndProject
Project("{2150E333-8FDC-42A3-9474-1A3956D46DE8}") = "外部业务", "外部业务", "{E65062D0-F4DD-4607-B2BE-2CB62556067F}"
EndProject
Project("{2150E333-8FDC-42A3-9474-1A3956D46DE8}") = "工程管理模块", "工程管理模块", "{14EA8727-A31B-4A63-91EE-1A3EF3117E53}"
EndProject
Project("{FAE04EC0-301F-11D3-BF4B-00C04F79EFBC}") = "Form_Project_Design", "BasicDataManagement\Form_Project_Design.csproj", "{73B4A12C-F15F-40D1-8B6F-F3531B743B7C}"
EndProject
Project("{FAE04EC0-301F-11D3-BF4B-00C04F79EFBC}") = "Service_Project_Design", "BasicDataService\Service_Project_Design.csproj", "{42152C2B-C954-4CED-9135-1674F4B72831}"
EndProject
Project("{FAE04EC0-301F-11D3-BF4B-00C04F79EFBC}") = "FlowControlService", "FlowControlService\FlowControlService.csproj", "{FDBAE102-0D3A-4EC4-BE0C-A5D43C1B8DC8}"
EndProject
Project("{2150E333-8FDC-42A3-9474-1A3956D46DE8}") = "项目管理模块", "项目管理模块", "{D25FE58C-FBEA-4994-859C-43D354D69EAC}"
EndProject
Project("{FAE04EC0-301F-11D3-BF4B-00C04F79EFBC}") = "Form_Project_Project", "SampleManagementForm\Form_Project_Project.csproj", "{DBA5ECA4-FA12-4758-B455-7187A22716BB}"
EndProject
Project("{FAE04EC0-301F-11D3-BF4B-00C04F79EFBC}") = "Service_Project_Project", "SampleManagementService\Service_Project_Project.csproj", "{6E340173-EC2E-4558-B68B-B5578EF133E9}"
EndProject
Project("{2150E333-8FDC-42A3-9474-1A3956D46DE8}") = "采购管理模块", "采购管理模块", "{6A5F65A9-BB39-4844-B91A-4EF9D1162EDE}"
EndProject
Project("{FAE04EC0-301F-11D3-BF4B-00C04F79EFBC}") = "Form_Economic_Purchase", "PurchasingManagement\Form_Economic_Purchase.csproj", "{21085E17-E388-486C-B1AC-A4AC49B35576}"
EndProject
Project("{FAE04EC0-301F-11D3-BF4B-00C04F79EFBC}") = "Service_Economic_Purchase", "PurchasingManagementService\Service_Economic_Purchase.csproj", "{53A24EFF-6053-49E5-B05F-7CA3FB483F7F}"
EndProject
Project("{2150E333-8FDC-42A3-9474-1A3956D46DE8}") = "质量控制模块", "质量控制模块", "{D2359C59-2B25-4EE5-B16C-3F1BD1DFB6A3}"
EndProject
Project("{FAE04EC0-301F-11D3-BF4B-00C04F79EFBC}") = "Form_Quality_QC", "QualityManagementForm\Form_Quality_QC.csproj", "{4DA04B7C-30F7-4C77-B9F2-83E422218030}"
EndProject
Project("{FAE04EC0-301F-11D3-BF4B-00C04F79EFBC}") = "Service_Quality_QC", "QualityManagementService\Service_Quality_QC.csproj", "{0978101F-1ED5-4DE1-8D24-A43955EAA58B}"
EndProject
Project("{2150E333-8FDC-42A3-9474-1A3956D46DE8}") = "生产管理模块", "生产管理模块", "{CED46C4C-E5D2-4503-8D8B-4F2D2B20A4D5}"
EndProject
Project("{2150E333-8FDC-42A3-9474-1A3956D46DE8}") = "品质管理模块", "品质管理模块", "{BEF91BA2-3248-49C1-BF99-89AAD219B730}"
EndProject
Project("{2150E333-8FDC-42A3-9474-1A3956D46DE8}") = "设计管理模块", "设计管理模块", "{0CCB55A1-70BE-4088-8397-6FAA059F7338}"
EndProject
Project("{2150E333-8FDC-42A3-9474-1A3956D46DE8}") = "经济管理模块", "经济管理模块", "{654DF640-C830-429D-BC2C-40A3F3D835FC}"
EndProject
Project("{2150E333-8FDC-42A3-9474-1A3956D46DE8}") = "四大模块", "四大模块", "{82626BF2-146F-4E89-88AE-252273DF28A5}"
EndProject
Project("{2150E333-8FDC-42A3-9474-1A3956D46DE8}") = "公司品质", "公司品质", "{3AF50131-FEB7-494C-97C9-03E104E306A4}"
EndProject
Project("{FAE04EC0-301F-11D3-BF4B-00C04F79EFBC}") = "Form_Peripheral_CompanyQuality", "CompanyWidwQulityControl\Form_Peripheral_CompanyQuality.csproj", "{64FA646D-0C6E-47D5-B7A9-F2FB018703F6}"
EndProject
Project("{FAE04EC0-301F-11D3-BF4B-00C04F79EFBC}") = "Service_Peripheral_CompanyQuality", "CompanyWidwQulityControlService\Service_Peripheral_CompanyQuality.csproj", "{1518FBD2-FD44-442D-A494-7B9163E3341B}"
EndProject
Project("{2150E333-8FDC-42A3-9474-1A3956D46DE8}") = "基础服务", "基础服务", "{37CF845A-9D3A-441E-97FE-9D644F5EDCFE}"
EndProject
Project("{FAE04EC0-301F-11D3-BF4B-00C04F79EFBC}") = "CommonBusinessModule", "CommonModuleForm\CommonBusinessModule.csproj", "{8202D612-FB07-4BE6-82B5-F0FA50C16CCA}"
EndProject
Project("{2150E333-8FDC-42A3-9474-1A3956D46DE8}") = "外围模块", "外围模块", "{3DCEBB88-03F2-4C0B-8DFF-AA5009E4C620}"
EndProject
Project("{2150E333-8FDC-42A3-9474-1A3956D46DE8}") = "人力资源", "人力资源", "{596B083D-D0F9-412A-9880-56958A730A0E}"
EndProject
Project("{2150E333-8FDC-42A3-9474-1A3956D46DE8}") = "功能服务", "功能服务", "{EB17AAEC-68F9-43C3-A928-B2FACFF3C689}"
EndProject
Project("{2150E333-8FDC-42A3-9474-1A3956D46DE8}") = "财务管理模块", "财务管理模块", "{FE85E561-A60E-43B9-A7E1-111FFC17BBC7}"
EndProject
Project("{FAE04EC0-301F-11D3-BF4B-00C04F79EFBC}") = "Form_Economic_Financial", "FinancialManagementForm\Form_Economic_Financial.csproj", "{004BE8C0-FB4C-472D-AC00-DA80A7D3AD08}"
EndProject
Project("{FAE04EC0-301F-11D3-BF4B-00C04F79EFBC}") = "Service_Economic_Financial", "FinancialManagementService\Service_Economic_Financial.csproj", "{ABACD7AB-BC8D-4EEE-AD1C-1444B7B484D7}"
EndProject
Project("{FAE04EC0-301F-11D3-BF4B-00C04F79EFBC}") = "BaseModule_Economic", "BaseMoudule_Economic\BaseModule_Economic.csproj", "{18F5F88E-851A-4564-8582-FA1D36128A87}"
EndProject
Project("{FAE04EC0-301F-11D3-BF4B-00C04F79EFBC}") = "BaseModule_Manufacture", "BaseModule_Manufacture\BaseModule_Manufacture.csproj", "{8276E2FB-3448-4693-B49E-0E3A50499A60}"
EndProject
Project("{FAE04EC0-301F-11D3-BF4B-00C04F79EFBC}") = "BaseModule_Project", "BaseModule_Project\BaseModule_Project.csproj", "{92702963-0276-49FA-B3D6-34911BEAC85D}"
EndProject
Project("{FAE04EC0-301F-11D3-BF4B-00C04F79EFBC}") = "BaseModule_Qulity", "BaseModule_Qulity\BaseModule_Qulity.csproj", "{1E84EC02-4F6A-44E5-B1FC-76DAAA58B561}"
EndProject
Project("{2150E333-8FDC-42A3-9474-1A3956D46DE8}") = "生产线", "生产线", "{7A938DB6-6124-425B-B7AA-EF1891923CD2}"
EndProject
Project("{2150E333-8FDC-42A3-9474-1A3956D46DE8}") = "供应商管理", "供应商管理", "{CE457E70-BA80-4BB6-88BE-B998D3C5C652}"
EndProject
Project("{2150E333-8FDC-42A3-9474-1A3956D46DE8}") = "WEB服务", "WEB服务", "{E2EB90C9-AB36-416E-A220-75EC822B1139}"
EndProject
Project("{2150E333-8FDC-42A3-9474-1A3956D46DE8}") = "项目管理", "项目管理", "{9DEEEB53-2315-47E2-82B9-2533D3DF632D}"
EndProject
Project("{2150E333-8FDC-42A3-9474-1A3956D46DE8}") = "业务服务", "业务服务", "{EF4CABE6-1C39-46B4-A348-37407B054B4C}"
EndProject
Project("{2150E333-8FDC-42A3-9474-1A3956D46DE8}") = "主程序", "主程序", "{C49709EA-1130-4666-8180-B871E183C4D3}"
EndProject
Project("{FAE04EC0-301F-11D3-BF4B-00C04F79EFBC}") = "Service_TCU_External", "Service_TCU_External\Service_TCU_External.csproj", "{0E303447-582F-4092-BBA9-BF578FE5F7F1}"
EndProject
Project("{54435603-DBB4-11D2-8724-00A0C9A8B90C}") = "ERPSetup", "ERPSetup\ERPSetup.vdproj", "{09313BBB-19EB-454B-8FB0-3DB38E956328}"
EndProject
Global
	GlobalSection(SourceCodeControl) = preSolution
		SccNumberOfProjects = 50
		SccLocalPath0 = .
		SccProjectUniqueName1 = AsynSocketService\\AsynSocketService.csproj
		SccProjectTopLevelParentUniqueName1 = 江麓容大信息系统.sln
		SccLocalPath1 = .
		SccProjectFilePathRelativizedFromConnection1 = AsynSocketService\\
		SccProjectUniqueName2 = AutoUpgradeSystem\\AutoUpgradeSystem.csproj
		SccProjectTopLevelParentUniqueName2 = 江麓容大信息系统.sln
		SccLocalPath2 = .
		SccProjectFilePathRelativizedFromConnection2 = AutoUpgradeSystem\\
		SccProjectUniqueName3 = BaseModule_Manufacture\\BaseModule_Manufacture.csproj
		SccProjectTopLevelParentUniqueName3 = 江麓容大信息系统.sln
		SccLocalPath3 = .
		SccProjectFilePathRelativizedFromConnection3 = BaseModule_Manufacture\\
		SccProjectUniqueName4 = BaseModule_Project\\BaseModule_Project.csproj
		SccProjectTopLevelParentUniqueName4 = 江麓容大信息系统.sln
		SccLocalPath4 = .
		SccProjectFilePathRelativizedFromConnection4 = BaseModule_Project\\
		SccProjectUniqueName5 = BaseModule_Qulity\\BaseModule_Qulity.csproj
		SccProjectTopLevelParentUniqueName5 = 江麓容大信息系统.sln
		SccLocalPath5 = .
		SccProjectFilePathRelativizedFromConnection5 = BaseModule_Qulity\\
		SccProjectUniqueName6 = BaseMoudule_Economic\\BaseModule_Economic.csproj
		SccProjectTopLevelParentUniqueName6 = 江麓容大信息系统.sln
		SccLocalPath6 = .
		SccProjectFilePathRelativizedFromConnection6 = BaseMoudule_Economic\\
		SccProjectUniqueName7 = BasicDataManagement\\Form_Project_Design.csproj
		SccProjectTopLevelParentUniqueName7 = 江麓容大信息系统.sln
		SccLocalPath7 = .
		SccProjectFilePathRelativizedFromConnection7 = BasicDataManagement\\
		SccProjectUniqueName8 = BasicDataService\\Service_Project_Design.csproj
		SccProjectTopLevelParentUniqueName8 = 江麓容大信息系统.sln
		SccLocalPath8 = .
		SccProjectFilePathRelativizedFromConnection8 = BasicDataService\\
		SccProjectUniqueName9 = BasicServer\\BasicServer.csproj
		SccProjectTopLevelParentUniqueName9 = 江麓容大信息系统.sln
		SccLocalPath9 = .
		SccProjectFilePathRelativizedFromConnection9 = BasicServer\\
		SccProjectUniqueName10 = CommonModuleForm\\CommonBusinessModule.csproj
		SccProjectTopLevelParentUniqueName10 = 江麓容大信息系统.sln
		SccLocalPath10 = .
		SccProjectFilePathRelativizedFromConnection10 = CommonModuleForm\\
		SccProjectUniqueName11 = CompanyWidwQulityControl\\Form_Peripheral_CompanyQuality.csproj
		SccProjectTopLevelParentUniqueName11 = 江麓容大信息系统.sln
		SccLocalPath11 = .
		SccProjectFilePathRelativizedFromConnection11 = CompanyWidwQulityControl\\
		SccProjectUniqueName12 = CompanyWidwQulityControlService\\Service_Peripheral_CompanyQuality.csproj
		SccProjectTopLevelParentUniqueName12 = 江麓容大信息系统.sln
		SccLocalPath12 = .
		SccProjectFilePathRelativizedFromConnection12 = CompanyWidwQulityControlService\\
		SccProjectUniqueName13 = ERPSetup\\ERPSetup.vdproj
		SccProjectTopLevelParentUniqueName13 = 江麓容大信息系统.sln
		SccLocalPath13 = .
		SccProjectFilePathRelativizedFromConnection13 = ERPSetup\\
		SccProjectUniqueName14 = Expression\\Expression.csproj
		SccProjectTopLevelParentUniqueName14 = 江麓容大信息系统.sln
		SccLocalPath14 = .
		SccProjectFilePathRelativizedFromConnection14 = Expression\\
		SccProjectUniqueName15 = ExternalExpression\\Form_Peripheral_External.csproj
		SccProjectTopLevelParentUniqueName15 = 江麓容大信息系统.sln
		SccLocalPath15 = .
		SccProjectFilePathRelativizedFromConnection15 = ExternalExpression\\
		SccProjectUniqueName16 = ExternalServerModule\\Service_Peripheral_External.csproj
		SccProjectTopLevelParentUniqueName16 = 江麓容大信息系统.sln
		SccLocalPath16 = .
		SccProjectFilePathRelativizedFromConnection16 = ExternalServerModule\\
		SccProjectUniqueName17 = FileManagement\\Form_Quality_File.csproj
		SccProjectTopLevelParentUniqueName17 = 江麓容大信息系统.sln
		SccLocalPath17 = .
		SccProjectFilePathRelativizedFromConnection17 = FileManagement\\
		SccProjectUniqueName18 = FileManagementService\\Service_Quality_File.csproj
		SccProjectTopLevelParentUniqueName18 = 江麓容大信息系统.sln
		SccLocalPath18 = .
		SccProjectFilePathRelativizedFromConnection18 = FileManagementService\\
		SccProjectUniqueName19 = FinancialManagementForm\\Form_Economic_Financial.csproj
		SccProjectTopLevelParentUniqueName19 = 江麓容大信息系统.sln
		SccLocalPath19 = .
		SccProjectFilePathRelativizedFromConnection19 = FinancialManagementForm\\
		SccProjectUniqueName20 = FinancialManagementService\\Service_Economic_Financial.csproj
		SccProjectTopLevelParentUniqueName20 = 江麓容大信息系统.sln
		SccLocalPath20 = .
		SccProjectFilePathRelativizedFromConnection20 = FinancialManagementService\\
		SccProjectUniqueName21 = FlowControlService\\FlowControlService.csproj
		SccProjectTopLevelParentUniqueName21 = 江麓容大信息系统.sln
		SccLocalPath21 = .
		SccProjectFilePathRelativizedFromConnection21 = FlowControlService\\
		SccProjectUniqueName22 = GlobalObject\\GlobalObject.csproj
		SccProjectTopLevelParentUniqueName22 = 江麓容大信息系统.sln
		SccLocalPath22 = .
		SccProjectFilePathRelativizedFromConnection22 = GlobalObject\\
		SccProjectUniqueName23 = HRExpression\\Form_Peripheral_HR.csproj
		SccProjectTopLevelParentUniqueName23 = 江麓容大信息系统.sln
		SccLocalPath23 = .
		SccProjectFilePathRelativizedFromConnection23 = HRExpression\\
		SccProjectUniqueName24 = HRServerModule\\Service_Peripheral_HR.csproj
		SccProjectTopLevelParentUniqueName24 = 江麓容大信息系统.sln
		SccLocalPath24 = .
		SccProjectFilePathRelativizedFromConnection24 = HRServerModule\\
		SccProjectUniqueName25 = PMS_Expression\\PMS_Expression.csproj
		SccProjectTopLevelParentUniqueName25 = 江麓容大信息系统.sln
		SccLocalPath25 = .
		SccProjectFilePathRelativizedFromConnection25 = PMS_Expression\\
		SccProjectUniqueName26 = PMS_ServerModule\\PMS_ServerModule.csproj
		SccProjectTopLevelParentUniqueName26 = 江麓容大信息系统.sln
		SccLocalPath26 = .
		SccProjectFilePathRelativizedFromConnection26 = PMS_ServerModule\\
		SccProjectUniqueName27 = ProvidersExpression\\ProvidersExpression.csproj
		SccProjectTopLevelParentUniqueName27 = 江麓容大信息系统.sln
		SccLocalPath27 = .
		SccProjectFilePathRelativizedFromConnection27 = ProvidersExpression\\
		SccProjectUniqueName28 = ProvidersServerModule\\ProvidersServerModule.csproj
		SccProjectTopLevelParentUniqueName28 = 江麓容大信息系统.sln
		SccLocalPath28 = .
		SccProjectFilePathRelativizedFromConnection28 = ProvidersServerModule\\
		SccProjectUniqueName29 = PurchasingManagement\\Form_Economic_Purchase.csproj
		SccProjectTopLevelParentUniqueName29 = 江麓容大信息系统.sln
		SccLocalPath29 = .
		SccProjectFilePathRelativizedFromConnection29 = PurchasingManagement\\
		SccProjectUniqueName30 = PurchasingManagementService\\Service_Economic_Purchase.csproj
		SccProjectTopLevelParentUniqueName30 = 江麓容大信息系统.sln
		SccLocalPath30 = .
		SccProjectFilePathRelativizedFromConnection30 = PurchasingManagementService\\
		SccProjectUniqueName31 = QualityManagementForm\\Form_Quality_QC.csproj
		SccProjectTopLevelParentUniqueName31 = 江麓容大信息系统.sln
		SccLocalPath31 = .
		SccProjectFilePathRelativizedFromConnection31 = QualityManagementForm\\
		SccProjectUniqueName32 = QualityManagementService\\Service_Quality_QC.csproj
		SccProjectTopLevelParentUniqueName32 = 江麓容大信息系统.sln
		SccLocalPath32 = .
		SccProjectFilePathRelativizedFromConnection32 = QualityManagementService\\
		SccProjectUniqueName33 = SampleManagementForm\\Form_Project_Project.csproj
		SccProjectTopLevelParentUniqueName33 = 江麓容大信息系统.sln
		SccLocalPath33 = .
		SccProjectFilePathRelativizedFromConnection33 = SampleManagementForm\\
		SccProjectUniqueName34 = SampleManagementService\\Service_Project_Project.csproj
		SccProjectTopLevelParentUniqueName34 = 江麓容大信息系统.sln
		SccLocalPath34 = .
		SccProjectFilePathRelativizedFromConnection34 = SampleManagementService\\
		SccProjectUniqueName35 = SCM_Server_Leave2\\SCM_Server_Leave2.csproj
		SccProjectTopLevelParentUniqueName35 = 江麓容大信息系统.sln
		SccLocalPath35 = .
		SccProjectFilePathRelativizedFromConnection35 = SCM_Server_Leave2\\
		SccProjectUniqueName36 = SCS_Server_Leave1\\SCM_Server_Leave1.csproj
		SccProjectTopLevelParentUniqueName36 = 江麓容大信息系统.sln
		SccLocalPath36 = .
		SccProjectFilePathRelativizedFromConnection36 = SCS_Server_Leave1\\
		SccProjectUniqueName37 = ServerModule\\ServerModule.csproj
		SccProjectTopLevelParentUniqueName37 = 江麓容大信息系统.sln
		SccLocalPath37 = .
		SccProjectFilePathRelativizedFromConnection37 = ServerModule\\
		SccProjectUniqueName38 = ServerRequestProcessorModule\\ServerRequestProcessorModule.csproj
		SccProjectTopLevelParentUniqueName38 = 江麓容大信息系统.sln
		SccLocalPath38 = .
		SccProjectFilePathRelativizedFromConnection38 = ServerRequestProcessorModule\\
		SccProjectUniqueName39 = Service_TCU_External\\Service_TCU_External.csproj
		SccProjectTopLevelParentUniqueName39 = 江麓容大信息系统.sln
		SccLocalPath39 = .
		SccProjectFilePathRelativizedFromConnection39 = Service_TCU_External\\
		SccProjectUniqueName40 = SocketCommDefiniens\\SocketCommDefiniens.csproj
		SccProjectTopLevelParentUniqueName40 = 江麓容大信息系统.sln
		SccLocalPath40 = .
		SccProjectFilePathRelativizedFromConnection40 = SocketCommDefiniens\\
		SccProjectUniqueName41 = TaskManagementServer\\TaskManagementServer.csproj
		SccProjectTopLevelParentUniqueName41 = 江麓容大信息系统.sln
		SccLocalPath41 = .
		SccProjectFilePathRelativizedFromConnection41 = TaskManagementServer\\
		SccProjectUniqueName42 = UniversalControlLibrary\\UniversalControlLibrary.csproj
		SccProjectTopLevelParentUniqueName42 = 江麓容大信息系统.sln
		SccLocalPath42 = .
		SccProjectFilePathRelativizedFromConnection42 = UniversalControlLibrary\\
		SccProjectUniqueName43 = WarehouseInPutForm\\Form_Manufacture_Storage.csproj
		SccProjectTopLevelParentUniqueName43 = 江麓容大信息系统.sln
		SccLocalPath43 = .
		SccProjectFilePathRelativizedFromConnection43 = WarehouseInPutForm\\
		SccProjectUniqueName44 = WarehouseInPutService\\Service_Manufacture_Storage.csproj
		SccProjectTopLevelParentUniqueName44 = 江麓容大信息系统.sln
		SccLocalPath44 = .
		SccProjectFilePathRelativizedFromConnection44 = WarehouseInPutService\\
		SccProjectUniqueName45 = WebServerModule2\\WebServerModule2.csproj
		SccProjectTopLevelParentUniqueName45 = 江麓容大信息系统.sln
		SccLocalPath45 = .
		SccProjectFilePathRelativizedFromConnection45 = WebServerModule2\\
		SccProjectUniqueName46 = WebServerModule\\WebServerModule.csproj
		SccProjectTopLevelParentUniqueName46 = 江麓容大信息系统.sln
		SccLocalPath46 = .
		SccProjectFilePathRelativizedFromConnection46 = WebServerModule\\
		SccProjectUniqueName47 = WorkShopManagement\\Form_Manufacture_WorkShop.csproj
		SccProjectTopLevelParentUniqueName47 = 江麓容大信息系统.sln
		SccLocalPath47 = .
		SccProjectFilePathRelativizedFromConnection47 = WorkShopManagement\\
		SccProjectUniqueName48 = WorkShopManagementService\\Service_Manufacture_WorkShop.csproj
		SccProjectTopLevelParentUniqueName48 = 江麓容大信息系统.sln
		SccLocalPath48 = .
		SccProjectFilePathRelativizedFromConnection48 = WorkShopManagementService\\
		SccProjectUniqueName49 = 数据库组件\\DBOperate\\DBOperate.csproj
		SccProjectTopLevelParentUniqueName49 = 江麓容大信息系统.sln
		SccLocalPath49 = .
		SccProjectFilePathRelativizedFromConnection49 = 数据库组件\\DBOperate\\
	EndGlobalSection
	GlobalSection(SolutionConfigurationPlatforms) = preSolution
		Debug|Any CPU = Debug|Any CPU
		Debug|x64 = Debug|x64
		Debug|x86 = Debug|x86
		Release|Any CPU = Release|Any CPU
		Release|x64 = Release|x64
		Release|x86 = Release|x86
	EndGlobalSection
	GlobalSection(ProjectConfigurationPlatforms) = postSolution
		{E6B31D5C-3564-41F5-8443-6B2906FCAD1C}.Debug|Any CPU.ActiveCfg = Debug|Any CPU
		{E6B31D5C-3564-41F5-8443-6B2906FCAD1C}.Debug|Any CPU.Build.0 = Debug|Any CPU
		{E6B31D5C-3564-41F5-8443-6B2906FCAD1C}.Debug|x64.ActiveCfg = Debug|Any CPU
		{E6B31D5C-3564-41F5-8443-6B2906FCAD1C}.Debug|x64.Build.0 = Debug|Any CPU
		{E6B31D5C-3564-41F5-8443-6B2906FCAD1C}.Debug|x86.ActiveCfg = Debug|Any CPU
		{E6B31D5C-3564-41F5-8443-6B2906FCAD1C}.Debug|x86.Build.0 = Debug|Any CPU
		{E6B31D5C-3564-41F5-8443-6B2906FCAD1C}.Release|Any CPU.ActiveCfg = Release|Any CPU
		{E6B31D5C-3564-41F5-8443-6B2906FCAD1C}.Release|Any CPU.Build.0 = Release|Any CPU
		{E6B31D5C-3564-41F5-8443-6B2906FCAD1C}.Release|x64.ActiveCfg = Release|x64
		{E6B31D5C-3564-41F5-8443-6B2906FCAD1C}.Release|x64.Build.0 = Release|x64
		{E6B31D5C-3564-41F5-8443-6B2906FCAD1C}.Release|x86.ActiveCfg = Release|x86
		{E6B31D5C-3564-41F5-8443-6B2906FCAD1C}.Release|x86.Build.0 = Release|x86
		{933AB4C8-49CF-4A99-B6EC-F98EBEFC4D33}.Debug|Any CPU.ActiveCfg = Debug|Any CPU
		{933AB4C8-49CF-4A99-B6EC-F98EBEFC4D33}.Debug|Any CPU.Build.0 = Debug|Any CPU
		{933AB4C8-49CF-4A99-B6EC-F98EBEFC4D33}.Debug|x64.ActiveCfg = Debug|Any CPU
		{933AB4C8-49CF-4A99-B6EC-F98EBEFC4D33}.Debug|x64.Build.0 = Debug|Any CPU
		{933AB4C8-49CF-4A99-B6EC-F98EBEFC4D33}.Debug|x86.ActiveCfg = Debug|Any CPU
		{933AB4C8-49CF-4A99-B6EC-F98EBEFC4D33}.Debug|x86.Build.0 = Debug|Any CPU
		{933AB4C8-49CF-4A99-B6EC-F98EBEFC4D33}.Release|Any CPU.ActiveCfg = Release|Any CPU
		{933AB4C8-49CF-4A99-B6EC-F98EBEFC4D33}.Release|Any CPU.Build.0 = Release|Any CPU
		{933AB4C8-49CF-4A99-B6EC-F98EBEFC4D33}.Release|x64.ActiveCfg = Release|x64
		{933AB4C8-49CF-4A99-B6EC-F98EBEFC4D33}.Release|x64.Build.0 = Release|x64
		{933AB4C8-49CF-4A99-B6EC-F98EBEFC4D33}.Release|x86.ActiveCfg = Release|x86
		{933AB4C8-49CF-4A99-B6EC-F98EBEFC4D33}.Release|x86.Build.0 = Release|x86
		{2CFBFEC8-5C0D-4C14-93F7-103DCFC40D02}.Debug|Any CPU.ActiveCfg = Debug|Any CPU
		{2CFBFEC8-5C0D-4C14-93F7-103DCFC40D02}.Debug|Any CPU.Build.0 = Debug|Any CPU
		{2CFBFEC8-5C0D-4C14-93F7-103DCFC40D02}.Debug|x64.ActiveCfg = Debug|Any CPU
		{2CFBFEC8-5C0D-4C14-93F7-103DCFC40D02}.Debug|x64.Build.0 = Debug|Any CPU
		{2CFBFEC8-5C0D-4C14-93F7-103DCFC40D02}.Debug|x86.ActiveCfg = Debug|Any CPU
		{2CFBFEC8-5C0D-4C14-93F7-103DCFC40D02}.Debug|x86.Build.0 = Debug|Any CPU
		{2CFBFEC8-5C0D-4C14-93F7-103DCFC40D02}.Release|Any CPU.ActiveCfg = Release|Any CPU
		{2CFBFEC8-5C0D-4C14-93F7-103DCFC40D02}.Release|Any CPU.Build.0 = Release|Any CPU
		{2CFBFEC8-5C0D-4C14-93F7-103DCFC40D02}.Release|x64.ActiveCfg = Release|x64
		{2CFBFEC8-5C0D-4C14-93F7-103DCFC40D02}.Release|x64.Build.0 = Release|x64
		{2CFBFEC8-5C0D-4C14-93F7-103DCFC40D02}.Release|x86.ActiveCfg = Release|x86
		{2CFBFEC8-5C0D-4C14-93F7-103DCFC40D02}.Release|x86.Build.0 = Release|x86
		{B624F378-05A8-4F35-9E5B-3FEDB2712CAB}.Debug|Any CPU.ActiveCfg = Debug|Any CPU
		{B624F378-05A8-4F35-9E5B-3FEDB2712CAB}.Debug|Any CPU.Build.0 = Debug|Any CPU
		{B624F378-05A8-4F35-9E5B-3FEDB2712CAB}.Debug|x64.ActiveCfg = Debug|Any CPU
		{B624F378-05A8-4F35-9E5B-3FEDB2712CAB}.Debug|x64.Build.0 = Debug|Any CPU
		{B624F378-05A8-4F35-9E5B-3FEDB2712CAB}.Debug|x86.ActiveCfg = Debug|Any CPU
		{B624F378-05A8-4F35-9E5B-3FEDB2712CAB}.Debug|x86.Build.0 = Debug|Any CPU
		{B624F378-05A8-4F35-9E5B-3FEDB2712CAB}.Release|Any CPU.ActiveCfg = Release|Any CPU
		{B624F378-05A8-4F35-9E5B-3FEDB2712CAB}.Release|Any CPU.Build.0 = Release|Any CPU
		{B624F378-05A8-4F35-9E5B-3FEDB2712CAB}.Release|x64.ActiveCfg = Release|x64
		{B624F378-05A8-4F35-9E5B-3FEDB2712CAB}.Release|x64.Build.0 = Release|x64
		{B624F378-05A8-4F35-9E5B-3FEDB2712CAB}.Release|x86.ActiveCfg = Release|x86
		{B624F378-05A8-4F35-9E5B-3FEDB2712CAB}.Release|x86.Build.0 = Release|x86
		{559238B9-03E8-43B9-A550-69350500A35B}.Debug|Any CPU.ActiveCfg = Debug|Any CPU
		{559238B9-03E8-43B9-A550-69350500A35B}.Debug|Any CPU.Build.0 = Debug|Any CPU
		{559238B9-03E8-43B9-A550-69350500A35B}.Debug|x64.ActiveCfg = Debug|Any CPU
		{559238B9-03E8-43B9-A550-69350500A35B}.Debug|x64.Build.0 = Debug|Any CPU
		{559238B9-03E8-43B9-A550-69350500A35B}.Debug|x86.ActiveCfg = Debug|Any CPU
		{559238B9-03E8-43B9-A550-69350500A35B}.Debug|x86.Build.0 = Debug|Any CPU
		{559238B9-03E8-43B9-A550-69350500A35B}.Release|Any CPU.ActiveCfg = Release|Any CPU
		{559238B9-03E8-43B9-A550-69350500A35B}.Release|Any CPU.Build.0 = Release|Any CPU
		{559238B9-03E8-43B9-A550-69350500A35B}.Release|x64.ActiveCfg = Release|x64
		{559238B9-03E8-43B9-A550-69350500A35B}.Release|x64.Build.0 = Release|x64
		{559238B9-03E8-43B9-A550-69350500A35B}.Release|x86.ActiveCfg = Release|x86
		{559238B9-03E8-43B9-A550-69350500A35B}.Release|x86.Build.0 = Release|x86
		{2C5A3AA5-EFB0-4DD4-85FC-DA49804A1C6B}.Debug|Any CPU.ActiveCfg = Debug|Any CPU
		{2C5A3AA5-EFB0-4DD4-85FC-DA49804A1C6B}.Debug|Any CPU.Build.0 = Debug|Any CPU
		{2C5A3AA5-EFB0-4DD4-85FC-DA49804A1C6B}.Debug|x64.ActiveCfg = Debug|Any CPU
		{2C5A3AA5-EFB0-4DD4-85FC-DA49804A1C6B}.Debug|x64.Build.0 = Debug|Any CPU
		{2C5A3AA5-EFB0-4DD4-85FC-DA49804A1C6B}.Debug|x86.ActiveCfg = Debug|Any CPU
		{2C5A3AA5-EFB0-4DD4-85FC-DA49804A1C6B}.Debug|x86.Build.0 = Debug|Any CPU
		{2C5A3AA5-EFB0-4DD4-85FC-DA49804A1C6B}.Release|Any CPU.ActiveCfg = Release|Any CPU
		{2C5A3AA5-EFB0-4DD4-85FC-DA49804A1C6B}.Release|Any CPU.Build.0 = Release|Any CPU
		{2C5A3AA5-EFB0-4DD4-85FC-DA49804A1C6B}.Release|x64.ActiveCfg = Release|x64
		{2C5A3AA5-EFB0-4DD4-85FC-DA49804A1C6B}.Release|x64.Build.0 = Release|x64
		{2C5A3AA5-EFB0-4DD4-85FC-DA49804A1C6B}.Release|x86.ActiveCfg = Release|x86
		{2C5A3AA5-EFB0-4DD4-85FC-DA49804A1C6B}.Release|x86.Build.0 = Release|x86
		{4D95D033-1D96-439A-BB62-91783CB7702C}.Debug|Any CPU.ActiveCfg = Debug|Any CPU
		{4D95D033-1D96-439A-BB62-91783CB7702C}.Debug|Any CPU.Build.0 = Debug|Any CPU
		{4D95D033-1D96-439A-BB62-91783CB7702C}.Debug|x64.ActiveCfg = Debug|Any CPU
		{4D95D033-1D96-439A-BB62-91783CB7702C}.Debug|x64.Build.0 = Debug|Any CPU
		{4D95D033-1D96-439A-BB62-91783CB7702C}.Debug|x86.ActiveCfg = Debug|Any CPU
		{4D95D033-1D96-439A-BB62-91783CB7702C}.Debug|x86.Build.0 = Debug|Any CPU
		{4D95D033-1D96-439A-BB62-91783CB7702C}.Release|Any CPU.ActiveCfg = Release|Any CPU
		{4D95D033-1D96-439A-BB62-91783CB7702C}.Release|Any CPU.Build.0 = Release|Any CPU
		{4D95D033-1D96-439A-BB62-91783CB7702C}.Release|x64.ActiveCfg = Release|x64
		{4D95D033-1D96-439A-BB62-91783CB7702C}.Release|x64.Build.0 = Release|x64
		{4D95D033-1D96-439A-BB62-91783CB7702C}.Release|x86.ActiveCfg = Release|x86
		{4D95D033-1D96-439A-BB62-91783CB7702C}.Release|x86.Build.0 = Release|x86
		{7863F418-0A3A-4FA0-8E6C-214833C6572C}.Debug|Any CPU.ActiveCfg = Debug|Any CPU
		{7863F418-0A3A-4FA0-8E6C-214833C6572C}.Debug|Any CPU.Build.0 = Debug|Any CPU
		{7863F418-0A3A-4FA0-8E6C-214833C6572C}.Debug|x64.ActiveCfg = Debug|Any CPU
		{7863F418-0A3A-4FA0-8E6C-214833C6572C}.Debug|x64.Build.0 = Debug|Any CPU
		{7863F418-0A3A-4FA0-8E6C-214833C6572C}.Debug|x86.ActiveCfg = Debug|Any CPU
		{7863F418-0A3A-4FA0-8E6C-214833C6572C}.Debug|x86.Build.0 = Debug|Any CPU
		{7863F418-0A3A-4FA0-8E6C-214833C6572C}.Release|Any CPU.ActiveCfg = Release|Any CPU
		{7863F418-0A3A-4FA0-8E6C-214833C6572C}.Release|Any CPU.Build.0 = Release|Any CPU
		{7863F418-0A3A-4FA0-8E6C-214833C6572C}.Release|x64.ActiveCfg = Release|x64
		{7863F418-0A3A-4FA0-8E6C-214833C6572C}.Release|x64.Build.0 = Release|x64
		{7863F418-0A3A-4FA0-8E6C-214833C6572C}.Release|x86.ActiveCfg = Release|x86
		{7863F418-0A3A-4FA0-8E6C-214833C6572C}.Release|x86.Build.0 = Release|x86
		{F69CC168-4A04-4CC0-93BE-A5C60417FC63}.Debug|Any CPU.ActiveCfg = Debug|Any CPU
		{F69CC168-4A04-4CC0-93BE-A5C60417FC63}.Debug|Any CPU.Build.0 = Debug|Any CPU
		{F69CC168-4A04-4CC0-93BE-A5C60417FC63}.Debug|x64.ActiveCfg = Debug|Any CPU
		{F69CC168-4A04-4CC0-93BE-A5C60417FC63}.Debug|x64.Build.0 = Debug|Any CPU
		{F69CC168-4A04-4CC0-93BE-A5C60417FC63}.Debug|x86.ActiveCfg = Debug|Any CPU
		{F69CC168-4A04-4CC0-93BE-A5C60417FC63}.Debug|x86.Build.0 = Debug|Any CPU
		{F69CC168-4A04-4CC0-93BE-A5C60417FC63}.Release|Any CPU.ActiveCfg = Release|Any CPU
		{F69CC168-4A04-4CC0-93BE-A5C60417FC63}.Release|Any CPU.Build.0 = Release|Any CPU
		{F69CC168-4A04-4CC0-93BE-A5C60417FC63}.Release|x64.ActiveCfg = Release|x64
		{F69CC168-4A04-4CC0-93BE-A5C60417FC63}.Release|x64.Build.0 = Release|x64
		{F69CC168-4A04-4CC0-93BE-A5C60417FC63}.Release|x86.ActiveCfg = Release|x86
		{F69CC168-4A04-4CC0-93BE-A5C60417FC63}.Release|x86.Build.0 = Release|x86
		{8F548F09-3A82-486B-A909-D1BC6DAC3165}.Debug|Any CPU.ActiveCfg = Debug|Any CPU
		{8F548F09-3A82-486B-A909-D1BC6DAC3165}.Debug|Any CPU.Build.0 = Debug|Any CPU
		{8F548F09-3A82-486B-A909-D1BC6DAC3165}.Debug|x64.ActiveCfg = Debug|Any CPU
		{8F548F09-3A82-486B-A909-D1BC6DAC3165}.Debug|x64.Build.0 = Debug|Any CPU
		{8F548F09-3A82-486B-A909-D1BC6DAC3165}.Debug|x86.ActiveCfg = Debug|Any CPU
		{8F548F09-3A82-486B-A909-D1BC6DAC3165}.Debug|x86.Build.0 = Debug|Any CPU
		{8F548F09-3A82-486B-A909-D1BC6DAC3165}.Release|Any CPU.ActiveCfg = Release|Any CPU
		{8F548F09-3A82-486B-A909-D1BC6DAC3165}.Release|Any CPU.Build.0 = Release|Any CPU
		{8F548F09-3A82-486B-A909-D1BC6DAC3165}.Release|x64.ActiveCfg = Release|x64
		{8F548F09-3A82-486B-A909-D1BC6DAC3165}.Release|x64.Build.0 = Release|x64
		{8F548F09-3A82-486B-A909-D1BC6DAC3165}.Release|x86.ActiveCfg = Release|x86
		{8F548F09-3A82-486B-A909-D1BC6DAC3165}.Release|x86.Build.0 = Release|x86
		{BF9E5E1F-BEDD-4F52-95E2-EF8F329F10A5}.Debug|Any CPU.ActiveCfg = Debug|Any CPU
		{BF9E5E1F-BEDD-4F52-95E2-EF8F329F10A5}.Debug|Any CPU.Build.0 = Debug|Any CPU
		{BF9E5E1F-BEDD-4F52-95E2-EF8F329F10A5}.Debug|x64.ActiveCfg = Debug|Any CPU
		{BF9E5E1F-BEDD-4F52-95E2-EF8F329F10A5}.Debug|x64.Build.0 = Debug|Any CPU
		{BF9E5E1F-BEDD-4F52-95E2-EF8F329F10A5}.Debug|x86.ActiveCfg = Debug|Any CPU
		{BF9E5E1F-BEDD-4F52-95E2-EF8F329F10A5}.Debug|x86.Build.0 = Debug|Any CPU
		{BF9E5E1F-BEDD-4F52-95E2-EF8F329F10A5}.Release|Any CPU.ActiveCfg = Release|Any CPU
		{BF9E5E1F-BEDD-4F52-95E2-EF8F329F10A5}.Release|Any CPU.Build.0 = Release|Any CPU
		{BF9E5E1F-BEDD-4F52-95E2-EF8F329F10A5}.Release|x64.ActiveCfg = Release|x64
		{BF9E5E1F-BEDD-4F52-95E2-EF8F329F10A5}.Release|x64.Build.0 = Release|x64
		{BF9E5E1F-BEDD-4F52-95E2-EF8F329F10A5}.Release|x86.ActiveCfg = Release|x86
		{BF9E5E1F-BEDD-4F52-95E2-EF8F329F10A5}.Release|x86.Build.0 = Release|x86
		{8E6426C5-FB8E-4A02-91EB-E19EFC48E422}.Debug|Any CPU.ActiveCfg = Debug|Any CPU
		{8E6426C5-FB8E-4A02-91EB-E19EFC48E422}.Debug|Any CPU.Build.0 = Debug|Any CPU
		{8E6426C5-FB8E-4A02-91EB-E19EFC48E422}.Debug|x64.ActiveCfg = Debug|Any CPU
		{8E6426C5-FB8E-4A02-91EB-E19EFC48E422}.Debug|x64.Build.0 = Debug|Any CPU
		{8E6426C5-FB8E-4A02-91EB-E19EFC48E422}.Debug|x86.ActiveCfg = Debug|Any CPU
		{8E6426C5-FB8E-4A02-91EB-E19EFC48E422}.Debug|x86.Build.0 = Debug|Any CPU
		{8E6426C5-FB8E-4A02-91EB-E19EFC48E422}.Release|Any CPU.ActiveCfg = Release|Any CPU
		{8E6426C5-FB8E-4A02-91EB-E19EFC48E422}.Release|Any CPU.Build.0 = Release|Any CPU
		{8E6426C5-FB8E-4A02-91EB-E19EFC48E422}.Release|x64.ActiveCfg = Release|x64
		{8E6426C5-FB8E-4A02-91EB-E19EFC48E422}.Release|x64.Build.0 = Release|x64
		{8E6426C5-FB8E-4A02-91EB-E19EFC48E422}.Release|x86.ActiveCfg = Release|x86
		{8E6426C5-FB8E-4A02-91EB-E19EFC48E422}.Release|x86.Build.0 = Release|x86
		{D7B10F60-8067-4FAC-B746-7EA83CE138E9}.Debug|Any CPU.ActiveCfg = Debug|Any CPU
		{D7B10F60-8067-4FAC-B746-7EA83CE138E9}.Debug|Any CPU.Build.0 = Debug|Any CPU
		{D7B10F60-8067-4FAC-B746-7EA83CE138E9}.Debug|x64.ActiveCfg = Debug|Any CPU
		{D7B10F60-8067-4FAC-B746-7EA83CE138E9}.Debug|x64.Build.0 = Debug|Any CPU
		{D7B10F60-8067-4FAC-B746-7EA83CE138E9}.Debug|x86.ActiveCfg = Debug|Any CPU
		{D7B10F60-8067-4FAC-B746-7EA83CE138E9}.Debug|x86.Build.0 = Debug|Any CPU
		{D7B10F60-8067-4FAC-B746-7EA83CE138E9}.Release|Any CPU.ActiveCfg = Release|Any CPU
		{D7B10F60-8067-4FAC-B746-7EA83CE138E9}.Release|Any CPU.Build.0 = Release|Any CPU
		{D7B10F60-8067-4FAC-B746-7EA83CE138E9}.Release|x64.ActiveCfg = Release|x64
		{D7B10F60-8067-4FAC-B746-7EA83CE138E9}.Release|x64.Build.0 = Release|x64
		{D7B10F60-8067-4FAC-B746-7EA83CE138E9}.Release|x86.ActiveCfg = Release|x86
		{D7B10F60-8067-4FAC-B746-7EA83CE138E9}.Release|x86.Build.0 = Release|x86
		{84A8608A-DFCC-406D-82E0-AA988A10F424}.Debug|Any CPU.ActiveCfg = Debug|Any CPU
		{84A8608A-DFCC-406D-82E0-AA988A10F424}.Debug|Any CPU.Build.0 = Debug|Any CPU
		{84A8608A-DFCC-406D-82E0-AA988A10F424}.Debug|x64.ActiveCfg = Debug|Any CPU
		{84A8608A-DFCC-406D-82E0-AA988A10F424}.Debug|x64.Build.0 = Debug|Any CPU
		{84A8608A-DFCC-406D-82E0-AA988A10F424}.Debug|x86.ActiveCfg = Debug|Any CPU
		{84A8608A-DFCC-406D-82E0-AA988A10F424}.Debug|x86.Build.0 = Debug|Any CPU
		{84A8608A-DFCC-406D-82E0-AA988A10F424}.Release|Any CPU.ActiveCfg = Release|Any CPU
		{84A8608A-DFCC-406D-82E0-AA988A10F424}.Release|Any CPU.Build.0 = Release|Any CPU
		{84A8608A-DFCC-406D-82E0-AA988A10F424}.Release|x64.ActiveCfg = Release|x64
		{84A8608A-DFCC-406D-82E0-AA988A10F424}.Release|x64.Build.0 = Release|x64
		{84A8608A-DFCC-406D-82E0-AA988A10F424}.Release|x86.ActiveCfg = Release|x86
		{84A8608A-DFCC-406D-82E0-AA988A10F424}.Release|x86.Build.0 = Release|x86
		{5C322413-7D0F-4C17-B2DB-827993CAC3B5}.Debug|Any CPU.ActiveCfg = Debug|Any CPU
		{5C322413-7D0F-4C17-B2DB-827993CAC3B5}.Debug|Any CPU.Build.0 = Debug|Any CPU
		{5C322413-7D0F-4C17-B2DB-827993CAC3B5}.Debug|x64.ActiveCfg = Debug|Any CPU
		{5C322413-7D0F-4C17-B2DB-827993CAC3B5}.Debug|x64.Build.0 = Debug|Any CPU
		{5C322413-7D0F-4C17-B2DB-827993CAC3B5}.Debug|x86.ActiveCfg = Debug|Any CPU
		{5C322413-7D0F-4C17-B2DB-827993CAC3B5}.Debug|x86.Build.0 = Debug|Any CPU
		{5C322413-7D0F-4C17-B2DB-827993CAC3B5}.Release|Any CPU.ActiveCfg = Release|Any CPU
		{5C322413-7D0F-4C17-B2DB-827993CAC3B5}.Release|Any CPU.Build.0 = Release|Any CPU
		{5C322413-7D0F-4C17-B2DB-827993CAC3B5}.Release|x64.ActiveCfg = Release|x64
		{5C322413-7D0F-4C17-B2DB-827993CAC3B5}.Release|x64.Build.0 = Release|x64
		{5C322413-7D0F-4C17-B2DB-827993CAC3B5}.Release|x86.ActiveCfg = Release|x86
		{5C322413-7D0F-4C17-B2DB-827993CAC3B5}.Release|x86.Build.0 = Release|x86
		{9054DDFD-AFCF-4533-8E11-72BCA93E9B63}.Debug|Any CPU.ActiveCfg = Debug|Any CPU
		{9054DDFD-AFCF-4533-8E11-72BCA93E9B63}.Debug|Any CPU.Build.0 = Debug|Any CPU
		{9054DDFD-AFCF-4533-8E11-72BCA93E9B63}.Debug|x64.ActiveCfg = Debug|Any CPU
		{9054DDFD-AFCF-4533-8E11-72BCA93E9B63}.Debug|x64.Build.0 = Debug|Any CPU
		{9054DDFD-AFCF-4533-8E11-72BCA93E9B63}.Debug|x86.ActiveCfg = Debug|Any CPU
		{9054DDFD-AFCF-4533-8E11-72BCA93E9B63}.Debug|x86.Build.0 = Debug|Any CPU
		{9054DDFD-AFCF-4533-8E11-72BCA93E9B63}.Release|Any CPU.ActiveCfg = Release|Any CPU
		{9054DDFD-AFCF-4533-8E11-72BCA93E9B63}.Release|Any CPU.Build.0 = Release|Any CPU
		{9054DDFD-AFCF-4533-8E11-72BCA93E9B63}.Release|x64.ActiveCfg = Release|x64
		{9054DDFD-AFCF-4533-8E11-72BCA93E9B63}.Release|x64.Build.0 = Release|x64
		{9054DDFD-AFCF-4533-8E11-72BCA93E9B63}.Release|x86.ActiveCfg = Release|x86
		{9054DDFD-AFCF-4533-8E11-72BCA93E9B63}.Release|x86.Build.0 = Release|x86
		{EFA62076-F7CB-416E-8166-66987EC62518}.Debug|Any CPU.ActiveCfg = Debug|Any CPU
		{EFA62076-F7CB-416E-8166-66987EC62518}.Debug|Any CPU.Build.0 = Debug|Any CPU
		{EFA62076-F7CB-416E-8166-66987EC62518}.Debug|x64.ActiveCfg = Debug|Any CPU
		{EFA62076-F7CB-416E-8166-66987EC62518}.Debug|x64.Build.0 = Debug|Any CPU
		{EFA62076-F7CB-416E-8166-66987EC62518}.Debug|x86.ActiveCfg = Debug|Any CPU
		{EFA62076-F7CB-416E-8166-66987EC62518}.Debug|x86.Build.0 = Debug|Any CPU
		{EFA62076-F7CB-416E-8166-66987EC62518}.Release|Any CPU.ActiveCfg = Release|Any CPU
		{EFA62076-F7CB-416E-8166-66987EC62518}.Release|Any CPU.Build.0 = Release|Any CPU
		{EFA62076-F7CB-416E-8166-66987EC62518}.Release|x64.ActiveCfg = Release|x64
		{EFA62076-F7CB-416E-8166-66987EC62518}.Release|x64.Build.0 = Release|x64
		{EFA62076-F7CB-416E-8166-66987EC62518}.Release|x86.ActiveCfg = Release|x86
		{EFA62076-F7CB-416E-8166-66987EC62518}.Release|x86.Build.0 = Release|x86
		{2D894A66-B14B-407B-89CF-5183A76E4FD4}.Debug|Any CPU.ActiveCfg = Debug|Any CPU
		{2D894A66-B14B-407B-89CF-5183A76E4FD4}.Debug|Any CPU.Build.0 = Debug|Any CPU
		{2D894A66-B14B-407B-89CF-5183A76E4FD4}.Debug|x64.ActiveCfg = Debug|Any CPU
		{2D894A66-B14B-407B-89CF-5183A76E4FD4}.Debug|x64.Build.0 = Debug|Any CPU
		{2D894A66-B14B-407B-89CF-5183A76E4FD4}.Debug|x86.ActiveCfg = Debug|Any CPU
		{2D894A66-B14B-407B-89CF-5183A76E4FD4}.Debug|x86.Build.0 = Debug|Any CPU
		{2D894A66-B14B-407B-89CF-5183A76E4FD4}.Release|Any CPU.ActiveCfg = Release|Any CPU
		{2D894A66-B14B-407B-89CF-5183A76E4FD4}.Release|Any CPU.Build.0 = Release|Any CPU
		{2D894A66-B14B-407B-89CF-5183A76E4FD4}.Release|x64.ActiveCfg = Release|x64
		{2D894A66-B14B-407B-89CF-5183A76E4FD4}.Release|x64.Build.0 = Release|x64
		{2D894A66-B14B-407B-89CF-5183A76E4FD4}.Release|x86.ActiveCfg = Release|x86
		{2D894A66-B14B-407B-89CF-5183A76E4FD4}.Release|x86.Build.0 = Release|x86
		{4C5947F2-1242-4C36-9F96-959C86134C23}.Debug|Any CPU.ActiveCfg = Debug|Any CPU
		{4C5947F2-1242-4C36-9F96-959C86134C23}.Debug|Any CPU.Build.0 = Debug|Any CPU
		{4C5947F2-1242-4C36-9F96-959C86134C23}.Debug|x64.ActiveCfg = Debug|Any CPU
		{4C5947F2-1242-4C36-9F96-959C86134C23}.Debug|x64.Build.0 = Debug|Any CPU
		{4C5947F2-1242-4C36-9F96-959C86134C23}.Debug|x86.ActiveCfg = Debug|Any CPU
		{4C5947F2-1242-4C36-9F96-959C86134C23}.Debug|x86.Build.0 = Debug|Any CPU
		{4C5947F2-1242-4C36-9F96-959C86134C23}.Release|Any CPU.ActiveCfg = Release|Any CPU
		{4C5947F2-1242-4C36-9F96-959C86134C23}.Release|Any CPU.Build.0 = Release|Any CPU
		{4C5947F2-1242-4C36-9F96-959C86134C23}.Release|x64.ActiveCfg = Release|x64
		{4C5947F2-1242-4C36-9F96-959C86134C23}.Release|x64.Build.0 = Release|x64
		{4C5947F2-1242-4C36-9F96-959C86134C23}.Release|x86.ActiveCfg = Release|x86
		{4C5947F2-1242-4C36-9F96-959C86134C23}.Release|x86.Build.0 = Release|x86
		{C7484548-314C-4670-AE4C-64BEFB7D9E48}.Debug|Any CPU.ActiveCfg = Debug|Any CPU
		{C7484548-314C-4670-AE4C-64BEFB7D9E48}.Debug|Any CPU.Build.0 = Debug|Any CPU
		{C7484548-314C-4670-AE4C-64BEFB7D9E48}.Debug|x64.ActiveCfg = Debug|Any CPU
		{C7484548-314C-4670-AE4C-64BEFB7D9E48}.Debug|x64.Build.0 = Debug|Any CPU
		{C7484548-314C-4670-AE4C-64BEFB7D9E48}.Debug|x86.ActiveCfg = Debug|Any CPU
		{C7484548-314C-4670-AE4C-64BEFB7D9E48}.Debug|x86.Build.0 = Debug|Any CPU
		{C7484548-314C-4670-AE4C-64BEFB7D9E48}.Release|Any CPU.ActiveCfg = Release|Any CPU
		{C7484548-314C-4670-AE4C-64BEFB7D9E48}.Release|Any CPU.Build.0 = Release|Any CPU
		{C7484548-314C-4670-AE4C-64BEFB7D9E48}.Release|x64.ActiveCfg = Release|x64
		{C7484548-314C-4670-AE4C-64BEFB7D9E48}.Release|x64.Build.0 = Release|x64
		{C7484548-314C-4670-AE4C-64BEFB7D9E48}.Release|x86.ActiveCfg = Release|x86
		{C7484548-314C-4670-AE4C-64BEFB7D9E48}.Release|x86.Build.0 = Release|x86
		{201D1D1F-C795-40C3-8F64-CAE09CD512AA}.Debug|Any CPU.ActiveCfg = Debug|Any CPU
		{201D1D1F-C795-40C3-8F64-CAE09CD512AA}.Debug|Any CPU.Build.0 = Debug|Any CPU
		{201D1D1F-C795-40C3-8F64-CAE09CD512AA}.Debug|x64.ActiveCfg = Debug|Any CPU
		{201D1D1F-C795-40C3-8F64-CAE09CD512AA}.Debug|x64.Build.0 = Debug|Any CPU
		{201D1D1F-C795-40C3-8F64-CAE09CD512AA}.Debug|x86.ActiveCfg = Debug|Any CPU
		{201D1D1F-C795-40C3-8F64-CAE09CD512AA}.Debug|x86.Build.0 = Debug|Any CPU
		{201D1D1F-C795-40C3-8F64-CAE09CD512AA}.Release|Any CPU.ActiveCfg = Release|Any CPU
		{201D1D1F-C795-40C3-8F64-CAE09CD512AA}.Release|Any CPU.Build.0 = Release|Any CPU
		{201D1D1F-C795-40C3-8F64-CAE09CD512AA}.Release|x64.ActiveCfg = Release|x64
		{201D1D1F-C795-40C3-8F64-CAE09CD512AA}.Release|x64.Build.0 = Release|x64
		{201D1D1F-C795-40C3-8F64-CAE09CD512AA}.Release|x86.ActiveCfg = Release|x86
		{201D1D1F-C795-40C3-8F64-CAE09CD512AA}.Release|x86.Build.0 = Release|x86
		{121AADE5-8197-42CD-8A7E-766AC72E95B7}.Debug|Any CPU.ActiveCfg = Debug|Any CPU
		{121AADE5-8197-42CD-8A7E-766AC72E95B7}.Debug|Any CPU.Build.0 = Debug|Any CPU
		{121AADE5-8197-42CD-8A7E-766AC72E95B7}.Debug|x64.ActiveCfg = Debug|Any CPU
		{121AADE5-8197-42CD-8A7E-766AC72E95B7}.Debug|x64.Build.0 = Debug|Any CPU
		{121AADE5-8197-42CD-8A7E-766AC72E95B7}.Debug|x86.ActiveCfg = Debug|Any CPU
		{121AADE5-8197-42CD-8A7E-766AC72E95B7}.Debug|x86.Build.0 = Debug|Any CPU
		{121AADE5-8197-42CD-8A7E-766AC72E95B7}.Release|Any CPU.ActiveCfg = Release|Any CPU
		{121AADE5-8197-42CD-8A7E-766AC72E95B7}.Release|Any CPU.Build.0 = Release|Any CPU
		{121AADE5-8197-42CD-8A7E-766AC72E95B7}.Release|x64.ActiveCfg = Release|x64
		{121AADE5-8197-42CD-8A7E-766AC72E95B7}.Release|x64.Build.0 = Release|x64
		{121AADE5-8197-42CD-8A7E-766AC72E95B7}.Release|x86.ActiveCfg = Release|x86
		{121AADE5-8197-42CD-8A7E-766AC72E95B7}.Release|x86.Build.0 = Release|x86
		{805B671F-6657-4C03-AC29-DA71DFE09EE6}.Debug|Any CPU.ActiveCfg = Debug|Any CPU
		{805B671F-6657-4C03-AC29-DA71DFE09EE6}.Debug|Any CPU.Build.0 = Debug|Any CPU
		{805B671F-6657-4C03-AC29-DA71DFE09EE6}.Debug|x64.ActiveCfg = Debug|Any CPU
		{805B671F-6657-4C03-AC29-DA71DFE09EE6}.Debug|x64.Build.0 = Debug|Any CPU
		{805B671F-6657-4C03-AC29-DA71DFE09EE6}.Debug|x86.ActiveCfg = Debug|Any CPU
		{805B671F-6657-4C03-AC29-DA71DFE09EE6}.Debug|x86.Build.0 = Debug|Any CPU
		{805B671F-6657-4C03-AC29-DA71DFE09EE6}.Release|Any CPU.ActiveCfg = Release|Any CPU
		{805B671F-6657-4C03-AC29-DA71DFE09EE6}.Release|Any CPU.Build.0 = Release|Any CPU
		{805B671F-6657-4C03-AC29-DA71DFE09EE6}.Release|x64.ActiveCfg = Release|x64
		{805B671F-6657-4C03-AC29-DA71DFE09EE6}.Release|x64.Build.0 = Release|x64
		{805B671F-6657-4C03-AC29-DA71DFE09EE6}.Release|x86.ActiveCfg = Release|x86
		{805B671F-6657-4C03-AC29-DA71DFE09EE6}.Release|x86.Build.0 = Release|x86
		{A95F9CD4-6C79-47CF-A63A-69AC67F61A96}.Debug|Any CPU.ActiveCfg = Debug|Any CPU
		{A95F9CD4-6C79-47CF-A63A-69AC67F61A96}.Debug|Any CPU.Build.0 = Debug|Any CPU
		{A95F9CD4-6C79-47CF-A63A-69AC67F61A96}.Debug|x64.ActiveCfg = Debug|Any CPU
		{A95F9CD4-6C79-47CF-A63A-69AC67F61A96}.Debug|x64.Build.0 = Debug|Any CPU
		{A95F9CD4-6C79-47CF-A63A-69AC67F61A96}.Debug|x86.ActiveCfg = Debug|Any CPU
		{A95F9CD4-6C79-47CF-A63A-69AC67F61A96}.Debug|x86.Build.0 = Debug|Any CPU
		{A95F9CD4-6C79-47CF-A63A-69AC67F61A96}.Release|Any CPU.ActiveCfg = Release|Any CPU
		{A95F9CD4-6C79-47CF-A63A-69AC67F61A96}.Release|Any CPU.Build.0 = Release|Any CPU
		{A95F9CD4-6C79-47CF-A63A-69AC67F61A96}.Release|x64.ActiveCfg = Release|x64
		{A95F9CD4-6C79-47CF-A63A-69AC67F61A96}.Release|x64.Build.0 = Release|x64
		{A95F9CD4-6C79-47CF-A63A-69AC67F61A96}.Release|x86.ActiveCfg = Release|x86
		{A95F9CD4-6C79-47CF-A63A-69AC67F61A96}.Release|x86.Build.0 = Release|x86
		{5019E300-6157-4322-B74F-10916FE926CD}.Debug|Any CPU.ActiveCfg = Debug|Any CPU
		{5019E300-6157-4322-B74F-10916FE926CD}.Debug|Any CPU.Build.0 = Debug|Any CPU
		{5019E300-6157-4322-B74F-10916FE926CD}.Debug|x64.ActiveCfg = Debug|Any CPU
		{5019E300-6157-4322-B74F-10916FE926CD}.Debug|x64.Build.0 = Debug|Any CPU
		{5019E300-6157-4322-B74F-10916FE926CD}.Debug|x86.ActiveCfg = Debug|Any CPU
		{5019E300-6157-4322-B74F-10916FE926CD}.Debug|x86.Build.0 = Debug|Any CPU
		{5019E300-6157-4322-B74F-10916FE926CD}.Release|Any CPU.ActiveCfg = Release|Any CPU
		{5019E300-6157-4322-B74F-10916FE926CD}.Release|Any CPU.Build.0 = Release|Any CPU
		{5019E300-6157-4322-B74F-10916FE926CD}.Release|x64.ActiveCfg = Release|x64
		{5019E300-6157-4322-B74F-10916FE926CD}.Release|x64.Build.0 = Release|x64
		{5019E300-6157-4322-B74F-10916FE926CD}.Release|x86.ActiveCfg = Release|x86
		{5019E300-6157-4322-B74F-10916FE926CD}.Release|x86.Build.0 = Release|x86
		{88D6DAC2-9181-4540-B0DC-EF091692483D}.Debug|Any CPU.ActiveCfg = Debug|Any CPU
		{88D6DAC2-9181-4540-B0DC-EF091692483D}.Debug|Any CPU.Build.0 = Debug|Any CPU
		{88D6DAC2-9181-4540-B0DC-EF091692483D}.Debug|x64.ActiveCfg = Debug|Any CPU
		{88D6DAC2-9181-4540-B0DC-EF091692483D}.Debug|x64.Build.0 = Debug|Any CPU
		{88D6DAC2-9181-4540-B0DC-EF091692483D}.Debug|x86.ActiveCfg = Debug|Any CPU
		{88D6DAC2-9181-4540-B0DC-EF091692483D}.Debug|x86.Build.0 = Debug|Any CPU
		{88D6DAC2-9181-4540-B0DC-EF091692483D}.Release|Any CPU.ActiveCfg = Release|Any CPU
		{88D6DAC2-9181-4540-B0DC-EF091692483D}.Release|Any CPU.Build.0 = Release|Any CPU
		{88D6DAC2-9181-4540-B0DC-EF091692483D}.Release|x64.ActiveCfg = Release|x64
		{88D6DAC2-9181-4540-B0DC-EF091692483D}.Release|x64.Build.0 = Release|x64
		{88D6DAC2-9181-4540-B0DC-EF091692483D}.Release|x86.ActiveCfg = Release|x86
		{88D6DAC2-9181-4540-B0DC-EF091692483D}.Release|x86.Build.0 = Release|x86
		{79FC7D00-541F-405B-A74C-17E0DEA55828}.Debug|Any CPU.ActiveCfg = Debug|Any CPU
		{79FC7D00-541F-405B-A74C-17E0DEA55828}.Debug|Any CPU.Build.0 = Debug|Any CPU
		{79FC7D00-541F-405B-A74C-17E0DEA55828}.Debug|x64.ActiveCfg = Debug|Any CPU
		{79FC7D00-541F-405B-A74C-17E0DEA55828}.Debug|x64.Build.0 = Debug|Any CPU
		{79FC7D00-541F-405B-A74C-17E0DEA55828}.Debug|x86.ActiveCfg = Debug|Any CPU
		{79FC7D00-541F-405B-A74C-17E0DEA55828}.Debug|x86.Build.0 = Debug|Any CPU
		{79FC7D00-541F-405B-A74C-17E0DEA55828}.Release|Any CPU.ActiveCfg = Release|Any CPU
		{79FC7D00-541F-405B-A74C-17E0DEA55828}.Release|Any CPU.Build.0 = Release|Any CPU
		{79FC7D00-541F-405B-A74C-17E0DEA55828}.Release|x64.ActiveCfg = Release|x64
		{79FC7D00-541F-405B-A74C-17E0DEA55828}.Release|x64.Build.0 = Release|x64
		{79FC7D00-541F-405B-A74C-17E0DEA55828}.Release|x86.ActiveCfg = Release|x86
		{79FC7D00-541F-405B-A74C-17E0DEA55828}.Release|x86.Build.0 = Release|x86
		{D89527E1-0789-4C51-9CA3-1A53DE4F7570}.Debug|Any CPU.ActiveCfg = Debug|Any CPU
		{D89527E1-0789-4C51-9CA3-1A53DE4F7570}.Debug|Any CPU.Build.0 = Debug|Any CPU
		{D89527E1-0789-4C51-9CA3-1A53DE4F7570}.Debug|x64.ActiveCfg = Debug|Any CPU
		{D89527E1-0789-4C51-9CA3-1A53DE4F7570}.Debug|x64.Build.0 = Debug|Any CPU
		{D89527E1-0789-4C51-9CA3-1A53DE4F7570}.Debug|x86.ActiveCfg = Debug|Any CPU
		{D89527E1-0789-4C51-9CA3-1A53DE4F7570}.Debug|x86.Build.0 = Debug|Any CPU
		{D89527E1-0789-4C51-9CA3-1A53DE4F7570}.Release|Any CPU.ActiveCfg = Release|Any CPU
		{D89527E1-0789-4C51-9CA3-1A53DE4F7570}.Release|Any CPU.Build.0 = Release|Any CPU
		{D89527E1-0789-4C51-9CA3-1A53DE4F7570}.Release|x64.ActiveCfg = Release|x64
		{D89527E1-0789-4C51-9CA3-1A53DE4F7570}.Release|x64.Build.0 = Release|x64
		{D89527E1-0789-4C51-9CA3-1A53DE4F7570}.Release|x86.ActiveCfg = Release|x86
		{D89527E1-0789-4C51-9CA3-1A53DE4F7570}.Release|x86.Build.0 = Release|x86
		{0FCBDEEE-4348-4CB8-8326-5670E1C5D9D0}.Debug|Any CPU.ActiveCfg = Debug|Any CPU
		{0FCBDEEE-4348-4CB8-8326-5670E1C5D9D0}.Debug|Any CPU.Build.0 = Debug|Any CPU
		{0FCBDEEE-4348-4CB8-8326-5670E1C5D9D0}.Debug|x64.ActiveCfg = Debug|Any CPU
		{0FCBDEEE-4348-4CB8-8326-5670E1C5D9D0}.Debug|x64.Build.0 = Debug|Any CPU
		{0FCBDEEE-4348-4CB8-8326-5670E1C5D9D0}.Debug|x86.ActiveCfg = Debug|Any CPU
		{0FCBDEEE-4348-4CB8-8326-5670E1C5D9D0}.Debug|x86.Build.0 = Debug|Any CPU
		{0FCBDEEE-4348-4CB8-8326-5670E1C5D9D0}.Release|Any CPU.ActiveCfg = Release|Any CPU
		{0FCBDEEE-4348-4CB8-8326-5670E1C5D9D0}.Release|Any CPU.Build.0 = Release|Any CPU
		{0FCBDEEE-4348-4CB8-8326-5670E1C5D9D0}.Release|x64.ActiveCfg = Release|x64
		{0FCBDEEE-4348-4CB8-8326-5670E1C5D9D0}.Release|x64.Build.0 = Release|x64
		{0FCBDEEE-4348-4CB8-8326-5670E1C5D9D0}.Release|x86.ActiveCfg = Release|x86
		{0FCBDEEE-4348-4CB8-8326-5670E1C5D9D0}.Release|x86.Build.0 = Release|x86
		{73B4A12C-F15F-40D1-8B6F-F3531B743B7C}.Debug|Any CPU.ActiveCfg = Debug|Any CPU
		{73B4A12C-F15F-40D1-8B6F-F3531B743B7C}.Debug|Any CPU.Build.0 = Debug|Any CPU
		{73B4A12C-F15F-40D1-8B6F-F3531B743B7C}.Debug|x64.ActiveCfg = Debug|Any CPU
		{73B4A12C-F15F-40D1-8B6F-F3531B743B7C}.Debug|x64.Build.0 = Debug|Any CPU
		{73B4A12C-F15F-40D1-8B6F-F3531B743B7C}.Debug|x86.ActiveCfg = Debug|Any CPU
		{73B4A12C-F15F-40D1-8B6F-F3531B743B7C}.Debug|x86.Build.0 = Debug|Any CPU
		{73B4A12C-F15F-40D1-8B6F-F3531B743B7C}.Release|Any CPU.ActiveCfg = Release|Any CPU
		{73B4A12C-F15F-40D1-8B6F-F3531B743B7C}.Release|Any CPU.Build.0 = Release|Any CPU
		{73B4A12C-F15F-40D1-8B6F-F3531B743B7C}.Release|x64.ActiveCfg = Release|Any CPU
		{73B4A12C-F15F-40D1-8B6F-F3531B743B7C}.Release|x86.ActiveCfg = Release|Any CPU
		{42152C2B-C954-4CED-9135-1674F4B72831}.Debug|Any CPU.ActiveCfg = Debug|Any CPU
		{42152C2B-C954-4CED-9135-1674F4B72831}.Debug|Any CPU.Build.0 = Debug|Any CPU
		{42152C2B-C954-4CED-9135-1674F4B72831}.Debug|x64.ActiveCfg = Debug|Any CPU
		{42152C2B-C954-4CED-9135-1674F4B72831}.Debug|x64.Build.0 = Debug|Any CPU
		{42152C2B-C954-4CED-9135-1674F4B72831}.Debug|x86.ActiveCfg = Debug|Any CPU
		{42152C2B-C954-4CED-9135-1674F4B72831}.Debug|x86.Build.0 = Debug|Any CPU
		{42152C2B-C954-4CED-9135-1674F4B72831}.Release|Any CPU.ActiveCfg = Release|Any CPU
		{42152C2B-C954-4CED-9135-1674F4B72831}.Release|Any CPU.Build.0 = Release|Any CPU
		{42152C2B-C954-4CED-9135-1674F4B72831}.Release|x64.ActiveCfg = Release|Any CPU
		{42152C2B-C954-4CED-9135-1674F4B72831}.Release|x86.ActiveCfg = Release|Any CPU
		{FDBAE102-0D3A-4EC4-BE0C-A5D43C1B8DC8}.Debug|Any CPU.ActiveCfg = Debug|Any CPU
		{FDBAE102-0D3A-4EC4-BE0C-A5D43C1B8DC8}.Debug|Any CPU.Build.0 = Debug|Any CPU
		{FDBAE102-0D3A-4EC4-BE0C-A5D43C1B8DC8}.Debug|x64.ActiveCfg = Debug|Any CPU
		{FDBAE102-0D3A-4EC4-BE0C-A5D43C1B8DC8}.Debug|x64.Build.0 = Debug|Any CPU
		{FDBAE102-0D3A-4EC4-BE0C-A5D43C1B8DC8}.Debug|x86.ActiveCfg = Debug|Any CPU
		{FDBAE102-0D3A-4EC4-BE0C-A5D43C1B8DC8}.Debug|x86.Build.0 = Debug|Any CPU
		{FDBAE102-0D3A-4EC4-BE0C-A5D43C1B8DC8}.Release|Any CPU.ActiveCfg = Release|Any CPU
		{FDBAE102-0D3A-4EC4-BE0C-A5D43C1B8DC8}.Release|Any CPU.Build.0 = Release|Any CPU
		{FDBAE102-0D3A-4EC4-BE0C-A5D43C1B8DC8}.Release|x64.ActiveCfg = Release|Any CPU
		{FDBAE102-0D3A-4EC4-BE0C-A5D43C1B8DC8}.Release|x86.ActiveCfg = Release|Any CPU
		{DBA5ECA4-FA12-4758-B455-7187A22716BB}.Debug|Any CPU.ActiveCfg = Debug|Any CPU
		{DBA5ECA4-FA12-4758-B455-7187A22716BB}.Debug|Any CPU.Build.0 = Debug|Any CPU
		{DBA5ECA4-FA12-4758-B455-7187A22716BB}.Debug|x64.ActiveCfg = Debug|Any CPU
		{DBA5ECA4-FA12-4758-B455-7187A22716BB}.Debug|x64.Build.0 = Debug|Any CPU
		{DBA5ECA4-FA12-4758-B455-7187A22716BB}.Debug|x86.ActiveCfg = Debug|Any CPU
		{DBA5ECA4-FA12-4758-B455-7187A22716BB}.Debug|x86.Build.0 = Debug|Any CPU
		{DBA5ECA4-FA12-4758-B455-7187A22716BB}.Release|Any CPU.ActiveCfg = Release|Any CPU
		{DBA5ECA4-FA12-4758-B455-7187A22716BB}.Release|Any CPU.Build.0 = Release|Any CPU
		{DBA5ECA4-FA12-4758-B455-7187A22716BB}.Release|x64.ActiveCfg = Release|Any CPU
		{DBA5ECA4-FA12-4758-B455-7187A22716BB}.Release|x86.ActiveCfg = Release|Any CPU
		{6E340173-EC2E-4558-B68B-B5578EF133E9}.Debug|Any CPU.ActiveCfg = Debug|Any CPU
		{6E340173-EC2E-4558-B68B-B5578EF133E9}.Debug|Any CPU.Build.0 = Debug|Any CPU
		{6E340173-EC2E-4558-B68B-B5578EF133E9}.Debug|x64.ActiveCfg = Debug|Any CPU
		{6E340173-EC2E-4558-B68B-B5578EF133E9}.Debug|x64.Build.0 = Debug|Any CPU
		{6E340173-EC2E-4558-B68B-B5578EF133E9}.Debug|x86.ActiveCfg = Debug|Any CPU
		{6E340173-EC2E-4558-B68B-B5578EF133E9}.Debug|x86.Build.0 = Debug|Any CPU
		{6E340173-EC2E-4558-B68B-B5578EF133E9}.Release|Any CPU.ActiveCfg = Release|Any CPU
		{6E340173-EC2E-4558-B68B-B5578EF133E9}.Release|Any CPU.Build.0 = Release|Any CPU
		{6E340173-EC2E-4558-B68B-B5578EF133E9}.Release|x64.ActiveCfg = Release|Any CPU
		{6E340173-EC2E-4558-B68B-B5578EF133E9}.Release|x86.ActiveCfg = Release|Any CPU
		{21085E17-E388-486C-B1AC-A4AC49B35576}.Debug|Any CPU.ActiveCfg = Debug|Any CPU
		{21085E17-E388-486C-B1AC-A4AC49B35576}.Debug|Any CPU.Build.0 = Debug|Any CPU
		{21085E17-E388-486C-B1AC-A4AC49B35576}.Debug|x64.ActiveCfg = Debug|Any CPU
		{21085E17-E388-486C-B1AC-A4AC49B35576}.Debug|x64.Build.0 = Debug|Any CPU
		{21085E17-E388-486C-B1AC-A4AC49B35576}.Debug|x86.ActiveCfg = Debug|Any CPU
		{21085E17-E388-486C-B1AC-A4AC49B35576}.Debug|x86.Build.0 = Debug|Any CPU
		{21085E17-E388-486C-B1AC-A4AC49B35576}.Release|Any CPU.ActiveCfg = Release|Any CPU
		{21085E17-E388-486C-B1AC-A4AC49B35576}.Release|Any CPU.Build.0 = Release|Any CPU
		{21085E17-E388-486C-B1AC-A4AC49B35576}.Release|x64.ActiveCfg = Release|Any CPU
		{21085E17-E388-486C-B1AC-A4AC49B35576}.Release|x86.ActiveCfg = Release|Any CPU
		{53A24EFF-6053-49E5-B05F-7CA3FB483F7F}.Debug|Any CPU.ActiveCfg = Debug|Any CPU
		{53A24EFF-6053-49E5-B05F-7CA3FB483F7F}.Debug|Any CPU.Build.0 = Debug|Any CPU
		{53A24EFF-6053-49E5-B05F-7CA3FB483F7F}.Debug|x64.ActiveCfg = Debug|Any CPU
		{53A24EFF-6053-49E5-B05F-7CA3FB483F7F}.Debug|x64.Build.0 = Debug|Any CPU
		{53A24EFF-6053-49E5-B05F-7CA3FB483F7F}.Debug|x86.ActiveCfg = Debug|Any CPU
		{53A24EFF-6053-49E5-B05F-7CA3FB483F7F}.Debug|x86.Build.0 = Debug|Any CPU
		{53A24EFF-6053-49E5-B05F-7CA3FB483F7F}.Release|Any CPU.ActiveCfg = Release|Any CPU
		{53A24EFF-6053-49E5-B05F-7CA3FB483F7F}.Release|Any CPU.Build.0 = Release|Any CPU
		{53A24EFF-6053-49E5-B05F-7CA3FB483F7F}.Release|x64.ActiveCfg = Release|Any CPU
		{53A24EFF-6053-49E5-B05F-7CA3FB483F7F}.Release|x86.ActiveCfg = Release|Any CPU
		{4DA04B7C-30F7-4C77-B9F2-83E422218030}.Debug|Any CPU.ActiveCfg = Debug|Any CPU
		{4DA04B7C-30F7-4C77-B9F2-83E422218030}.Debug|Any CPU.Build.0 = Debug|Any CPU
		{4DA04B7C-30F7-4C77-B9F2-83E422218030}.Debug|x64.ActiveCfg = Debug|Any CPU
		{4DA04B7C-30F7-4C77-B9F2-83E422218030}.Debug|x64.Build.0 = Debug|Any CPU
		{4DA04B7C-30F7-4C77-B9F2-83E422218030}.Debug|x86.ActiveCfg = Debug|Any CPU
		{4DA04B7C-30F7-4C77-B9F2-83E422218030}.Debug|x86.Build.0 = Debug|Any CPU
		{4DA04B7C-30F7-4C77-B9F2-83E422218030}.Release|Any CPU.ActiveCfg = Release|Any CPU
		{4DA04B7C-30F7-4C77-B9F2-83E422218030}.Release|Any CPU.Build.0 = Release|Any CPU
		{4DA04B7C-30F7-4C77-B9F2-83E422218030}.Release|x64.ActiveCfg = Release|Any CPU
		{4DA04B7C-30F7-4C77-B9F2-83E422218030}.Release|x86.ActiveCfg = Release|Any CPU
		{0978101F-1ED5-4DE1-8D24-A43955EAA58B}.Debug|Any CPU.ActiveCfg = Debug|Any CPU
		{0978101F-1ED5-4DE1-8D24-A43955EAA58B}.Debug|Any CPU.Build.0 = Debug|Any CPU
		{0978101F-1ED5-4DE1-8D24-A43955EAA58B}.Debug|x64.ActiveCfg = Debug|Any CPU
		{0978101F-1ED5-4DE1-8D24-A43955EAA58B}.Debug|x64.Build.0 = Debug|Any CPU
		{0978101F-1ED5-4DE1-8D24-A43955EAA58B}.Debug|x86.ActiveCfg = Debug|Any CPU
		{0978101F-1ED5-4DE1-8D24-A43955EAA58B}.Debug|x86.Build.0 = Debug|Any CPU
		{0978101F-1ED5-4DE1-8D24-A43955EAA58B}.Release|Any CPU.ActiveCfg = Release|Any CPU
		{0978101F-1ED5-4DE1-8D24-A43955EAA58B}.Release|Any CPU.Build.0 = Release|Any CPU
		{0978101F-1ED5-4DE1-8D24-A43955EAA58B}.Release|x64.ActiveCfg = Release|Any CPU
		{0978101F-1ED5-4DE1-8D24-A43955EAA58B}.Release|x86.ActiveCfg = Release|Any CPU
		{64FA646D-0C6E-47D5-B7A9-F2FB018703F6}.Debug|Any CPU.ActiveCfg = Debug|Any CPU
		{64FA646D-0C6E-47D5-B7A9-F2FB018703F6}.Debug|Any CPU.Build.0 = Debug|Any CPU
		{64FA646D-0C6E-47D5-B7A9-F2FB018703F6}.Debug|x64.ActiveCfg = Debug|Any CPU
		{64FA646D-0C6E-47D5-B7A9-F2FB018703F6}.Debug|x64.Build.0 = Debug|Any CPU
		{64FA646D-0C6E-47D5-B7A9-F2FB018703F6}.Debug|x86.ActiveCfg = Debug|Any CPU
		{64FA646D-0C6E-47D5-B7A9-F2FB018703F6}.Debug|x86.Build.0 = Debug|Any CPU
		{64FA646D-0C6E-47D5-B7A9-F2FB018703F6}.Release|Any CPU.ActiveCfg = Release|Any CPU
		{64FA646D-0C6E-47D5-B7A9-F2FB018703F6}.Release|Any CPU.Build.0 = Release|Any CPU
		{64FA646D-0C6E-47D5-B7A9-F2FB018703F6}.Release|x64.ActiveCfg = Release|Any CPU
		{64FA646D-0C6E-47D5-B7A9-F2FB018703F6}.Release|x86.ActiveCfg = Release|Any CPU
		{1518FBD2-FD44-442D-A494-7B9163E3341B}.Debug|Any CPU.ActiveCfg = Debug|Any CPU
		{1518FBD2-FD44-442D-A494-7B9163E3341B}.Debug|Any CPU.Build.0 = Debug|Any CPU
		{1518FBD2-FD44-442D-A494-7B9163E3341B}.Debug|x64.ActiveCfg = Debug|Any CPU
		{1518FBD2-FD44-442D-A494-7B9163E3341B}.Debug|x64.Build.0 = Debug|Any CPU
		{1518FBD2-FD44-442D-A494-7B9163E3341B}.Debug|x86.ActiveCfg = Debug|Any CPU
		{1518FBD2-FD44-442D-A494-7B9163E3341B}.Debug|x86.Build.0 = Debug|Any CPU
		{1518FBD2-FD44-442D-A494-7B9163E3341B}.Release|Any CPU.ActiveCfg = Release|Any CPU
		{1518FBD2-FD44-442D-A494-7B9163E3341B}.Release|Any CPU.Build.0 = Release|Any CPU
		{1518FBD2-FD44-442D-A494-7B9163E3341B}.Release|x64.ActiveCfg = Release|Any CPU
		{1518FBD2-FD44-442D-A494-7B9163E3341B}.Release|x86.ActiveCfg = Release|Any CPU
		{8202D612-FB07-4BE6-82B5-F0FA50C16CCA}.Debug|Any CPU.ActiveCfg = Debug|Any CPU
		{8202D612-FB07-4BE6-82B5-F0FA50C16CCA}.Debug|Any CPU.Build.0 = Debug|Any CPU
		{8202D612-FB07-4BE6-82B5-F0FA50C16CCA}.Debug|x64.ActiveCfg = Debug|Any CPU
		{8202D612-FB07-4BE6-82B5-F0FA50C16CCA}.Debug|x64.Build.0 = Debug|Any CPU
		{8202D612-FB07-4BE6-82B5-F0FA50C16CCA}.Debug|x86.ActiveCfg = Debug|Any CPU
		{8202D612-FB07-4BE6-82B5-F0FA50C16CCA}.Debug|x86.Build.0 = Debug|Any CPU
		{8202D612-FB07-4BE6-82B5-F0FA50C16CCA}.Release|Any CPU.ActiveCfg = Release|Any CPU
		{8202D612-FB07-4BE6-82B5-F0FA50C16CCA}.Release|Any CPU.Build.0 = Release|Any CPU
		{8202D612-FB07-4BE6-82B5-F0FA50C16CCA}.Release|x64.ActiveCfg = Release|Any CPU
		{8202D612-FB07-4BE6-82B5-F0FA50C16CCA}.Release|x86.ActiveCfg = Release|Any CPU
		{004BE8C0-FB4C-472D-AC00-DA80A7D3AD08}.Debug|Any CPU.ActiveCfg = Debug|Any CPU
		{004BE8C0-FB4C-472D-AC00-DA80A7D3AD08}.Debug|Any CPU.Build.0 = Debug|Any CPU
		{004BE8C0-FB4C-472D-AC00-DA80A7D3AD08}.Debug|x64.ActiveCfg = Debug|Any CPU
		{004BE8C0-FB4C-472D-AC00-DA80A7D3AD08}.Debug|x64.Build.0 = Debug|Any CPU
		{004BE8C0-FB4C-472D-AC00-DA80A7D3AD08}.Debug|x86.ActiveCfg = Debug|Any CPU
		{004BE8C0-FB4C-472D-AC00-DA80A7D3AD08}.Debug|x86.Build.0 = Debug|Any CPU
		{004BE8C0-FB4C-472D-AC00-DA80A7D3AD08}.Release|Any CPU.ActiveCfg = Release|Any CPU
		{004BE8C0-FB4C-472D-AC00-DA80A7D3AD08}.Release|Any CPU.Build.0 = Release|Any CPU
		{004BE8C0-FB4C-472D-AC00-DA80A7D3AD08}.Release|x64.ActiveCfg = Release|Any CPU
		{004BE8C0-FB4C-472D-AC00-DA80A7D3AD08}.Release|x86.ActiveCfg = Release|Any CPU
		{ABACD7AB-BC8D-4EEE-AD1C-1444B7B484D7}.Debug|Any CPU.ActiveCfg = Debug|Any CPU
		{ABACD7AB-BC8D-4EEE-AD1C-1444B7B484D7}.Debug|Any CPU.Build.0 = Debug|Any CPU
		{ABACD7AB-BC8D-4EEE-AD1C-1444B7B484D7}.Debug|x64.ActiveCfg = Debug|Any CPU
		{ABACD7AB-BC8D-4EEE-AD1C-1444B7B484D7}.Debug|x64.Build.0 = Debug|Any CPU
		{ABACD7AB-BC8D-4EEE-AD1C-1444B7B484D7}.Debug|x86.ActiveCfg = Debug|Any CPU
		{ABACD7AB-BC8D-4EEE-AD1C-1444B7B484D7}.Debug|x86.Build.0 = Debug|Any CPU
		{ABACD7AB-BC8D-4EEE-AD1C-1444B7B484D7}.Release|Any CPU.ActiveCfg = Release|Any CPU
		{ABACD7AB-BC8D-4EEE-AD1C-1444B7B484D7}.Release|Any CPU.Build.0 = Release|Any CPU
		{ABACD7AB-BC8D-4EEE-AD1C-1444B7B484D7}.Release|x64.ActiveCfg = Release|Any CPU
		{ABACD7AB-BC8D-4EEE-AD1C-1444B7B484D7}.Release|x86.ActiveCfg = Release|Any CPU
		{18F5F88E-851A-4564-8582-FA1D36128A87}.Debug|Any CPU.ActiveCfg = Debug|Any CPU
		{18F5F88E-851A-4564-8582-FA1D36128A87}.Debug|Any CPU.Build.0 = Debug|Any CPU
		{18F5F88E-851A-4564-8582-FA1D36128A87}.Debug|x64.ActiveCfg = Debug|Any CPU
		{18F5F88E-851A-4564-8582-FA1D36128A87}.Debug|x64.Build.0 = Debug|Any CPU
		{18F5F88E-851A-4564-8582-FA1D36128A87}.Debug|x86.ActiveCfg = Debug|Any CPU
		{18F5F88E-851A-4564-8582-FA1D36128A87}.Debug|x86.Build.0 = Debug|Any CPU
		{18F5F88E-851A-4564-8582-FA1D36128A87}.Release|Any CPU.ActiveCfg = Release|Any CPU
		{18F5F88E-851A-4564-8582-FA1D36128A87}.Release|Any CPU.Build.0 = Release|Any CPU
		{18F5F88E-851A-4564-8582-FA1D36128A87}.Release|x64.ActiveCfg = Release|Any CPU
		{18F5F88E-851A-4564-8582-FA1D36128A87}.Release|x86.ActiveCfg = Release|Any CPU
		{8276E2FB-3448-4693-B49E-0E3A50499A60}.Debug|Any CPU.ActiveCfg = Debug|Any CPU
		{8276E2FB-3448-4693-B49E-0E3A50499A60}.Debug|Any CPU.Build.0 = Debug|Any CPU
		{8276E2FB-3448-4693-B49E-0E3A50499A60}.Debug|x64.ActiveCfg = Debug|Any CPU
		{8276E2FB-3448-4693-B49E-0E3A50499A60}.Debug|x64.Build.0 = Debug|Any CPU
		{8276E2FB-3448-4693-B49E-0E3A50499A60}.Debug|x86.ActiveCfg = Debug|Any CPU
		{8276E2FB-3448-4693-B49E-0E3A50499A60}.Debug|x86.Build.0 = Debug|Any CPU
		{8276E2FB-3448-4693-B49E-0E3A50499A60}.Release|Any CPU.ActiveCfg = Release|Any CPU
		{8276E2FB-3448-4693-B49E-0E3A50499A60}.Release|Any CPU.Build.0 = Release|Any CPU
		{8276E2FB-3448-4693-B49E-0E3A50499A60}.Release|x64.ActiveCfg = Release|Any CPU
		{8276E2FB-3448-4693-B49E-0E3A50499A60}.Release|x86.ActiveCfg = Release|Any CPU
		{92702963-0276-49FA-B3D6-34911BEAC85D}.Debug|Any CPU.ActiveCfg = Debug|Any CPU
		{92702963-0276-49FA-B3D6-34911BEAC85D}.Debug|Any CPU.Build.0 = Debug|Any CPU
		{92702963-0276-49FA-B3D6-34911BEAC85D}.Debug|x64.ActiveCfg = Debug|Any CPU
		{92702963-0276-49FA-B3D6-34911BEAC85D}.Debug|x64.Build.0 = Debug|Any CPU
		{92702963-0276-49FA-B3D6-34911BEAC85D}.Debug|x86.ActiveCfg = Debug|Any CPU
		{92702963-0276-49FA-B3D6-34911BEAC85D}.Debug|x86.Build.0 = Debug|Any CPU
		{92702963-0276-49FA-B3D6-34911BEAC85D}.Release|Any CPU.ActiveCfg = Release|Any CPU
		{92702963-0276-49FA-B3D6-34911BEAC85D}.Release|Any CPU.Build.0 = Release|Any CPU
		{92702963-0276-49FA-B3D6-34911BEAC85D}.Release|x64.ActiveCfg = Release|Any CPU
		{92702963-0276-49FA-B3D6-34911BEAC85D}.Release|x86.ActiveCfg = Release|Any CPU
		{1E84EC02-4F6A-44E5-B1FC-76DAAA58B561}.Debug|Any CPU.ActiveCfg = Debug|Any CPU
		{1E84EC02-4F6A-44E5-B1FC-76DAAA58B561}.Debug|Any CPU.Build.0 = Debug|Any CPU
		{1E84EC02-4F6A-44E5-B1FC-76DAAA58B561}.Debug|x64.ActiveCfg = Debug|Any CPU
		{1E84EC02-4F6A-44E5-B1FC-76DAAA58B561}.Debug|x64.Build.0 = Debug|Any CPU
		{1E84EC02-4F6A-44E5-B1FC-76DAAA58B561}.Debug|x86.ActiveCfg = Debug|Any CPU
		{1E84EC02-4F6A-44E5-B1FC-76DAAA58B561}.Debug|x86.Build.0 = Debug|Any CPU
		{1E84EC02-4F6A-44E5-B1FC-76DAAA58B561}.Release|Any CPU.ActiveCfg = Release|Any CPU
		{1E84EC02-4F6A-44E5-B1FC-76DAAA58B561}.Release|Any CPU.Build.0 = Release|Any CPU
		{1E84EC02-4F6A-44E5-B1FC-76DAAA58B561}.Release|x64.ActiveCfg = Release|Any CPU
		{1E84EC02-4F6A-44E5-B1FC-76DAAA58B561}.Release|x86.ActiveCfg = Release|Any CPU
		{0E303447-582F-4092-BBA9-BF578FE5F7F1}.Debug|Any CPU.ActiveCfg = Debug|Any CPU
		{0E303447-582F-4092-BBA9-BF578FE5F7F1}.Debug|Any CPU.Build.0 = Debug|Any CPU
		{0E303447-582F-4092-BBA9-BF578FE5F7F1}.Debug|x64.ActiveCfg = Debug|Any CPU
		{0E303447-582F-4092-BBA9-BF578FE5F7F1}.Debug|x86.ActiveCfg = Debug|Any CPU
		{0E303447-582F-4092-BBA9-BF578FE5F7F1}.Release|Any CPU.ActiveCfg = Release|Any CPU
		{0E303447-582F-4092-BBA9-BF578FE5F7F1}.Release|Any CPU.Build.0 = Release|Any CPU
		{0E303447-582F-4092-BBA9-BF578FE5F7F1}.Release|x64.ActiveCfg = Release|Any CPU
		{0E303447-582F-4092-BBA9-BF578FE5F7F1}.Release|x86.ActiveCfg = Release|Any CPU
		{09313BBB-19EB-454B-8FB0-3DB38E956328}.Debug|Any CPU.ActiveCfg = Debug
		{09313BBB-19EB-454B-8FB0-3DB38E956328}.Debug|x64.ActiveCfg = Debug
		{09313BBB-19EB-454B-8FB0-3DB38E956328}.Debug|x86.ActiveCfg = Debug
		{09313BBB-19EB-454B-8FB0-3DB38E956328}.Release|Any CPU.ActiveCfg = Release
		{09313BBB-19EB-454B-8FB0-3DB38E956328}.Release|x64.ActiveCfg = Release
		{09313BBB-19EB-454B-8FB0-3DB38E956328}.Release|x86.ActiveCfg = Release
	EndGlobalSection
	GlobalSection(SolutionProperties) = preSolution
		HideSolutionNode = FALSE
	EndGlobalSection
	GlobalSection(NestedProjects) = preSolution
		{37CF845A-9D3A-441E-97FE-9D644F5EDCFE} = {BF4614CC-3CCD-47B4-A29D-916EC81F9A9E}
		{EB17AAEC-68F9-43C3-A928-B2FACFF3C689} = {BF4614CC-3CCD-47B4-A29D-916EC81F9A9E}
		{3DCEBB88-03F2-4C0B-8DFF-AA5009E4C620} = {BF4614CC-3CCD-47B4-A29D-916EC81F9A9E}
		{82626BF2-146F-4E89-88AE-252273DF28A5} = {BF4614CC-3CCD-47B4-A29D-916EC81F9A9E}
		{2C5A3AA5-EFB0-4DD4-85FC-DA49804A1C6B} = {37CF845A-9D3A-441E-97FE-9D644F5EDCFE}
		{E6B31D5C-3564-41F5-8443-6B2906FCAD1C} = {37CF845A-9D3A-441E-97FE-9D644F5EDCFE}
		{2CFBFEC8-5C0D-4C14-93F7-103DCFC40D02} = {C49709EA-1130-4666-8180-B871E183C4D3}
		{7863F418-0A3A-4FA0-8E6C-214833C6572C} = {C49709EA-1130-4666-8180-B871E183C4D3}
		{933AB4C8-49CF-4A99-B6EC-F98EBEFC4D33} = {C49709EA-1130-4666-8180-B871E183C4D3}
		{09313BBB-19EB-454B-8FB0-3DB38E956328} = {C49709EA-1130-4666-8180-B871E183C4D3}
		{89420295-9ADC-4DFE-92CD-7B871BD73E8F} = {EB17AAEC-68F9-43C3-A928-B2FACFF3C689}
		{E2EB90C9-AB36-416E-A220-75EC822B1139} = {EB17AAEC-68F9-43C3-A928-B2FACFF3C689}
		{EF4CABE6-1C39-46B4-A348-37407B054B4C} = {EB17AAEC-68F9-43C3-A928-B2FACFF3C689}
		{71C7DE4C-3221-449B-8A26-4980D129B619} = {EB17AAEC-68F9-43C3-A928-B2FACFF3C689}
		{4D95D033-1D96-439A-BB62-91783CB7702C} = {89420295-9ADC-4DFE-92CD-7B871BD73E8F}
		{559238B9-03E8-43B9-A550-69350500A35B} = {89420295-9ADC-4DFE-92CD-7B871BD73E8F}
		{B624F378-05A8-4F35-9E5B-3FEDB2712CAB} = {89420295-9ADC-4DFE-92CD-7B871BD73E8F}
		{8F548F09-3A82-486B-A909-D1BC6DAC3165} = {E2EB90C9-AB36-416E-A220-75EC822B1139}
		{F69CC168-4A04-4CC0-93BE-A5C60417FC63} = {E2EB90C9-AB36-416E-A220-75EC822B1139}
		{8E6426C5-FB8E-4A02-91EB-E19EFC48E422} = {EF4CABE6-1C39-46B4-A348-37407B054B4C}
		{FDBAE102-0D3A-4EC4-BE0C-A5D43C1B8DC8} = {EF4CABE6-1C39-46B4-A348-37407B054B4C}
		{8202D612-FB07-4BE6-82B5-F0FA50C16CCA} = {EF4CABE6-1C39-46B4-A348-37407B054B4C}
		{BF9E5E1F-BEDD-4F52-95E2-EF8F329F10A5} = {EF4CABE6-1C39-46B4-A348-37407B054B4C}
		{596B083D-D0F9-412A-9880-56958A730A0E} = {3DCEBB88-03F2-4C0B-8DFF-AA5009E4C620}
		{E65062D0-F4DD-4607-B2BE-2CB62556067F} = {3DCEBB88-03F2-4C0B-8DFF-AA5009E4C620}
		{9DEEEB53-2315-47E2-82B9-2533D3DF632D} = {3DCEBB88-03F2-4C0B-8DFF-AA5009E4C620}
		{CE457E70-BA80-4BB6-88BE-B998D3C5C652} = {3DCEBB88-03F2-4C0B-8DFF-AA5009E4C620}
		{3AF50131-FEB7-494C-97C9-03E104E306A4} = {3DCEBB88-03F2-4C0B-8DFF-AA5009E4C620}
		{D7B10F60-8067-4FAC-B746-7EA83CE138E9} = {596B083D-D0F9-412A-9880-56958A730A0E}
		{84A8608A-DFCC-406D-82E0-AA988A10F424} = {596B083D-D0F9-412A-9880-56958A730A0E}
		{CED46C4C-E5D2-4503-8D8B-4F2D2B20A4D5} = {82626BF2-146F-4E89-88AE-252273DF28A5}
		{BEF91BA2-3248-49C1-BF99-89AAD219B730} = {82626BF2-146F-4E89-88AE-252273DF28A5}
		{14EA8727-A31B-4A63-91EE-1A3EF3117E53} = {82626BF2-146F-4E89-88AE-252273DF28A5}
		{654DF640-C830-429D-BC2C-40A3F3D835FC} = {82626BF2-146F-4E89-88AE-252273DF28A5}
		{1AFA5D9D-160D-4E27-8A5F-955C1384671B} = {CED46C4C-E5D2-4503-8D8B-4F2D2B20A4D5}
		{B6B2ECF1-6938-4238-90BF-CAE358172871} = {CED46C4C-E5D2-4503-8D8B-4F2D2B20A4D5}
		{7A938DB6-6124-425B-B7AA-EF1891923CD2} = {CED46C4C-E5D2-4503-8D8B-4F2D2B20A4D5}
		{8276E2FB-3448-4693-B49E-0E3A50499A60} = {CED46C4C-E5D2-4503-8D8B-4F2D2B20A4D5}
		{2D894A66-B14B-407B-89CF-5183A76E4FD4} = {71C7DE4C-3221-449B-8A26-4980D129B619}
		{EFA62076-F7CB-416E-8166-66987EC62518} = {71C7DE4C-3221-449B-8A26-4980D129B619}
		{C7484548-314C-4670-AE4C-64BEFB7D9E48} = {E65062D0-F4DD-4607-B2BE-2CB62556067F}
		{4C5947F2-1242-4C36-9F96-959C86134C23} = {E65062D0-F4DD-4607-B2BE-2CB62556067F}
		{0E303447-582F-4092-BBA9-BF578FE5F7F1} = {E65062D0-F4DD-4607-B2BE-2CB62556067F}
		{A5C8BADF-EB11-43AB-8849-69BF7262F7A3} = {BEF91BA2-3248-49C1-BF99-89AAD219B730}
		{D2359C59-2B25-4EE5-B16C-3F1BD1DFB6A3} = {BEF91BA2-3248-49C1-BF99-89AAD219B730}
		{1E84EC02-4F6A-44E5-B1FC-76DAAA58B561} = {BEF91BA2-3248-49C1-BF99-89AAD219B730}
		{121AADE5-8197-42CD-8A7E-766AC72E95B7} = {A5C8BADF-EB11-43AB-8849-69BF7262F7A3}
		{201D1D1F-C795-40C3-8F64-CAE09CD512AA} = {A5C8BADF-EB11-43AB-8849-69BF7262F7A3}
		{805B671F-6657-4C03-AC29-DA71DFE09EE6} = {9DEEEB53-2315-47E2-82B9-2533D3DF632D}
		{A95F9CD4-6C79-47CF-A63A-69AC67F61A96} = {1AFA5D9D-160D-4E27-8A5F-955C1384671B}
		{5019E300-6157-4322-B74F-10916FE926CD} = {1AFA5D9D-160D-4E27-8A5F-955C1384671B}
		{79FC7D00-541F-405B-A74C-17E0DEA55828} = {CE457E70-BA80-4BB6-88BE-B998D3C5C652}
		{88D6DAC2-9181-4540-B0DC-EF091692483D} = {CE457E70-BA80-4BB6-88BE-B998D3C5C652}
		{D89527E1-0789-4C51-9CA3-1A53DE4F7570} = {B6B2ECF1-6938-4238-90BF-CAE358172871}
		{0FCBDEEE-4348-4CB8-8326-5670E1C5D9D0} = {B6B2ECF1-6938-4238-90BF-CAE358172871}
		{0CCB55A1-70BE-4088-8397-6FAA059F7338} = {14EA8727-A31B-4A63-91EE-1A3EF3117E53}
		{D25FE58C-FBEA-4994-859C-43D354D69EAC} = {14EA8727-A31B-4A63-91EE-1A3EF3117E53}
		{92702963-0276-49FA-B3D6-34911BEAC85D} = {14EA8727-A31B-4A63-91EE-1A3EF3117E53}
		{42152C2B-C954-4CED-9135-1674F4B72831} = {0CCB55A1-70BE-4088-8397-6FAA059F7338}
		{73B4A12C-F15F-40D1-8B6F-F3531B743B7C} = {0CCB55A1-70BE-4088-8397-6FAA059F7338}
		{DBA5ECA4-FA12-4758-B455-7187A22716BB} = {D25FE58C-FBEA-4994-859C-43D354D69EAC}
		{6E340173-EC2E-4558-B68B-B5578EF133E9} = {D25FE58C-FBEA-4994-859C-43D354D69EAC}
		{6A5F65A9-BB39-4844-B91A-4EF9D1162EDE} = {654DF640-C830-429D-BC2C-40A3F3D835FC}
		{FE85E561-A60E-43B9-A7E1-111FFC17BBC7} = {654DF640-C830-429D-BC2C-40A3F3D835FC}
		{18F5F88E-851A-4564-8582-FA1D36128A87} = {654DF640-C830-429D-BC2C-40A3F3D835FC}
		{53A24EFF-6053-49E5-B05F-7CA3FB483F7F} = {6A5F65A9-BB39-4844-B91A-4EF9D1162EDE}
		{21085E17-E388-486C-B1AC-A4AC49B35576} = {6A5F65A9-BB39-4844-B91A-4EF9D1162EDE}
		{4DA04B7C-30F7-4C77-B9F2-83E422218030} = {D2359C59-2B25-4EE5-B16C-3F1BD1DFB6A3}
		{0978101F-1ED5-4DE1-8D24-A43955EAA58B} = {D2359C59-2B25-4EE5-B16C-3F1BD1DFB6A3}
		{5C322413-7D0F-4C17-B2DB-827993CAC3B5} = {7A938DB6-6124-425B-B7AA-EF1891923CD2}
		{9054DDFD-AFCF-4533-8E11-72BCA93E9B63} = {7A938DB6-6124-425B-B7AA-EF1891923CD2}
		{64FA646D-0C6E-47D5-B7A9-F2FB018703F6} = {3AF50131-FEB7-494C-97C9-03E104E306A4}
		{1518FBD2-FD44-442D-A494-7B9163E3341B} = {3AF50131-FEB7-494C-97C9-03E104E306A4}
		{004BE8C0-FB4C-472D-AC00-DA80A7D3AD08} = {FE85E561-A60E-43B9-A7E1-111FFC17BBC7}
		{ABACD7AB-BC8D-4EEE-AD1C-1444B7B484D7} = {FE85E561-A60E-43B9-A7E1-111FFC17BBC7}
	EndGlobalSection
EndGlobal
